// !$*UTF8*$!
{
	archiveVersion = 1;
	classes = {
	};
	objectVersion = 50;
	objects = {

/* Begin PBXBuildFile section */
		9D4DF01029B54BA30033FD1F /* MorphicUIAutomation.framework in Frameworks */ = {isa = PBXBuildFile; fileRef = 9D4DF00F29B54BA30033FD1F /* MorphicUIAutomation.framework */; };
		9D4DF01129B54BA30033FD1F /* MorphicUIAutomation.framework in Embed Frameworks */ = {isa = PBXBuildFile; fileRef = 9D4DF00F29B54BA30033FD1F /* MorphicUIAutomation.framework */; settings = {ATTRIBUTES = (CodeSignOnCopy, RemoveHeadersOnCopy, ); }; };
		9D4DF01229B54BC00033FD1F /* MorphicSettings.framework in Frameworks */ = {isa = PBXBuildFile; fileRef = FF486AC624C09A600024503E /* MorphicSettings.framework */; };
		9D4DF01329B54BC00033FD1F /* MorphicSettings.framework in Embed Frameworks */ = {isa = PBXBuildFile; fileRef = FF486AC624C09A600024503E /* MorphicSettings.framework */; settings = {ATTRIBUTES = (CodeSignOnCopy, RemoveHeadersOnCopy, ); }; };
		9D4DF01429B54BD00033FD1F /* MorphicMacOSNative.framework in Frameworks */ = {isa = PBXBuildFile; fileRef = 9D4DEFFA29B535910033FD1F /* MorphicMacOSNative.framework */; };
		9D4DF01529B54BD00033FD1F /* MorphicMacOSNative.framework in Embed Frameworks */ = {isa = PBXBuildFile; fileRef = 9D4DEFFA29B535910033FD1F /* MorphicMacOSNative.framework */; settings = {ATTRIBUTES = (CodeSignOnCopy, RemoveHeadersOnCopy, ); }; };
		FF486ACB24C09A660024503E /* MorphicCore.framework in Frameworks */ = {isa = PBXBuildFile; fileRef = FF486ACA24C09A660024503E /* MorphicCore.framework */; };
		FF486ACC24C09A660024503E /* MorphicCore.framework in Embed Frameworks */ = {isa = PBXBuildFile; fileRef = FF486ACA24C09A660024503E /* MorphicCore.framework */; settings = {ATTRIBUTES = (CodeSignOnCopy, RemoveHeadersOnCopy, ); }; };
		FF486ACE24C5BF4F0024503E /* RegistryManager.swift in Sources */ = {isa = PBXBuildFile; fileRef = FF486ACD24C5BF4F0024503E /* RegistryManager.swift */; };
		FF486AD224C5C0140024503E /* SolutionViews.swift in Sources */ = {isa = PBXBuildFile; fileRef = FF486AD124C5C0140024503E /* SolutionViews.swift */; };
		FF56B31C24C01CA700960132 /* AppDelegate.swift in Sources */ = {isa = PBXBuildFile; fileRef = FF56B31B24C01CA700960132 /* AppDelegate.swift */; };
		FF56B31E24C01CA700960132 /* ContentView.swift in Sources */ = {isa = PBXBuildFile; fileRef = FF56B31D24C01CA700960132 /* ContentView.swift */; };
		FF56B32024C01CAA00960132 /* Assets.xcassets in Resources */ = {isa = PBXBuildFile; fileRef = FF56B31F24C01CAA00960132 /* Assets.xcassets */; };
		FF56B32324C01CAA00960132 /* Preview Assets.xcassets in Resources */ = {isa = PBXBuildFile; fileRef = FF56B32224C01CAA00960132 /* Preview Assets.xcassets */; };
		FF56B32624C01CAA00960132 /* Main.storyboard in Resources */ = {isa = PBXBuildFile; fileRef = FF56B32424C01CAA00960132 /* Main.storyboard */; };
/* End PBXBuildFile section */

/* Begin PBXCopyFilesBuildPhase section */
		FF486AC924C09A600024503E /* Embed Frameworks */ = {
			isa = PBXCopyFilesBuildPhase;
			buildActionMask = 2147483647;
			dstPath = "";
			dstSubfolderSpec = 10;
			files = (
				9D4DF01529B54BD00033FD1F /* MorphicMacOSNative.framework in Embed Frameworks */,
				FF486ACC24C09A660024503E /* MorphicCore.framework in Embed Frameworks */,
				9D4DF01329B54BC00033FD1F /* MorphicSettings.framework in Embed Frameworks */,
				9D4DF01129B54BA30033FD1F /* MorphicUIAutomation.framework in Embed Frameworks */,
			);
			name = "Embed Frameworks";
			runOnlyForDeploymentPostprocessing = 0;
		};
/* End PBXCopyFilesBuildPhase section */

/* Begin PBXFileReference section */
		9D4DEFFA29B535910033FD1F /* MorphicMacOSNative.framework */ = {isa = PBXFileReference; explicitFileType = wrapper.framework; path = MorphicMacOSNative.framework; sourceTree = BUILT_PRODUCTS_DIR; };
		9D4DF00F29B54BA30033FD1F /* MorphicUIAutomation.framework */ = {isa = PBXFileReference; explicitFileType = wrapper.framework; path = MorphicUIAutomation.framework; sourceTree = BUILT_PRODUCTS_DIR; };
		FF486AC624C09A600024503E /* MorphicSettings.framework */ = {isa = PBXFileReference; explicitFileType = wrapper.framework; path = MorphicSettings.framework; sourceTree = BUILT_PRODUCTS_DIR; };
		FF486ACA24C09A660024503E /* MorphicCore.framework */ = {isa = PBXFileReference; explicitFileType = wrapper.framework; path = MorphicCore.framework; sourceTree = BUILT_PRODUCTS_DIR; };
		FF486ACD24C5BF4F0024503E /* RegistryManager.swift */ = {isa = PBXFileReference; lastKnownFileType = sourcecode.swift; path = RegistryManager.swift; sourceTree = "<group>"; };
		FF486AD124C5C0140024503E /* SolutionViews.swift */ = {isa = PBXFileReference; lastKnownFileType = sourcecode.swift; path = SolutionViews.swift; sourceTree = "<group>"; };
		FF56B31824C01CA700960132 /* MorphicManualTester.app */ = {isa = PBXFileReference; explicitFileType = wrapper.application; includeInIndex = 0; path = MorphicManualTester.app; sourceTree = BUILT_PRODUCTS_DIR; };
		FF56B31B24C01CA700960132 /* AppDelegate.swift */ = {isa = PBXFileReference; lastKnownFileType = sourcecode.swift; path = AppDelegate.swift; sourceTree = "<group>"; };
		FF56B31D24C01CA700960132 /* ContentView.swift */ = {isa = PBXFileReference; lastKnownFileType = sourcecode.swift; path = ContentView.swift; sourceTree = "<group>"; };
		FF56B31F24C01CAA00960132 /* Assets.xcassets */ = {isa = PBXFileReference; lastKnownFileType = folder.assetcatalog; path = Assets.xcassets; sourceTree = "<group>"; };
		FF56B32224C01CAA00960132 /* Preview Assets.xcassets */ = {isa = PBXFileReference; lastKnownFileType = folder.assetcatalog; path = "Preview Assets.xcassets"; sourceTree = "<group>"; };
		FF56B32524C01CAA00960132 /* Base */ = {isa = PBXFileReference; lastKnownFileType = file.storyboard; name = Base; path = Base.lproj/Main.storyboard; sourceTree = "<group>"; };
		FF56B32724C01CAA00960132 /* Info.plist */ = {isa = PBXFileReference; lastKnownFileType = text.plist.xml; path = Info.plist; sourceTree = "<group>"; };
		FF56B32824C01CAA00960132 /* MorphicManualTester.entitlements */ = {isa = PBXFileReference; lastKnownFileType = text.plist.entitlements; path = MorphicManualTester.entitlements; sourceTree = "<group>"; };
		FF62B90724C85F8700BFDFAF /* MorphicService.framework */ = {isa = PBXFileReference; explicitFileType = wrapper.framework; path = MorphicService.framework; sourceTree = BUILT_PRODUCTS_DIR; };
/* End PBXFileReference section */

/* Begin PBXFrameworksBuildPhase section */
		FF56B31524C01CA700960132 /* Frameworks */ = {
			isa = PBXFrameworksBuildPhase;
			buildActionMask = 2147483647;
			files = (
				9D4DF01429B54BD00033FD1F /* MorphicMacOSNative.framework in Frameworks */,
				FF486ACB24C09A660024503E /* MorphicCore.framework in Frameworks */,
				9D4DF01229B54BC00033FD1F /* MorphicSettings.framework in Frameworks */,
				9D4DF01029B54BA30033FD1F /* MorphicUIAutomation.framework in Frameworks */,
			);
			runOnlyForDeploymentPostprocessing = 0;
		};
/* End PBXFrameworksBuildPhase section */

/* Begin PBXGroup section */
		FF486AC524C09A600024503E /* Frameworks */ = {
			isa = PBXGroup;
			children = (
				9D4DF00F29B54BA30033FD1F /* MorphicUIAutomation.framework */,
				9D4DEFFA29B535910033FD1F /* MorphicMacOSNative.framework */,
				FF62B90724C85F8700BFDFAF /* MorphicService.framework */,
				FF486ACA24C09A660024503E /* MorphicCore.framework */,
				FF486AC624C09A600024503E /* MorphicSettings.framework */,
			);
			name = Frameworks;
			sourceTree = "<group>";
		};
		FF56B30F24C01CA700960132 = {
			isa = PBXGroup;
			children = (
				FF56B31A24C01CA700960132 /* MorphicManualTester */,
				FF56B31924C01CA700960132 /* Products */,
				FF486AC524C09A600024503E /* Frameworks */,
			);
			sourceTree = "<group>";
		};
		FF56B31924C01CA700960132 /* Products */ = {
			isa = PBXGroup;
			children = (
				FF56B31824C01CA700960132 /* MorphicManualTester.app */,
			);
			name = Products;
			sourceTree = "<group>";
		};
		FF56B31A24C01CA700960132 /* MorphicManualTester */ = {
			isa = PBXGroup;
			children = (
				FF56B31B24C01CA700960132 /* AppDelegate.swift */,
				FF56B31D24C01CA700960132 /* ContentView.swift */,
				FF56B31F24C01CAA00960132 /* Assets.xcassets */,
				FF56B32424C01CAA00960132 /* Main.storyboard */,
				FF56B32724C01CAA00960132 /* Info.plist */,
				FF56B32824C01CAA00960132 /* MorphicManualTester.entitlements */,
				FF56B32124C01CAA00960132 /* Preview Content */,
				FF486ACD24C5BF4F0024503E /* RegistryManager.swift */,
				FF486AD124C5C0140024503E /* SolutionViews.swift */,
			);
			path = MorphicManualTester;
			sourceTree = "<group>";
		};
		FF56B32124C01CAA00960132 /* Preview Content */ = {
			isa = PBXGroup;
			children = (
				FF56B32224C01CAA00960132 /* Preview Assets.xcassets */,
			);
			path = "Preview Content";
			sourceTree = "<group>";
		};
/* End PBXGroup section */

/* Begin PBXNativeTarget section */
		FF56B31724C01CA700960132 /* MorphicManualTester */ = {
			isa = PBXNativeTarget;
			buildConfigurationList = FF56B32B24C01CAA00960132 /* Build configuration list for PBXNativeTarget "MorphicManualTester" */;
			buildPhases = (
				FF56B31424C01CA700960132 /* Sources */,
				FF56B31524C01CA700960132 /* Frameworks */,
				FF56B31624C01CA700960132 /* Resources */,
				FF486AC924C09A600024503E /* Embed Frameworks */,
			);
			buildRules = (
			);
			dependencies = (
			);
			name = MorphicManualTester;
			productName = MorphicManualTester;
			productReference = FF56B31824C01CA700960132 /* MorphicManualTester.app */;
			productType = "com.apple.product-type.application";
		};
/* End PBXNativeTarget section */

/* Begin PBXProject section */
		FF56B31024C01CA700960132 /* Project object */ = {
			isa = PBXProject;
			attributes = {
				LastSwiftUpdateCheck = 1140;
				LastUpgradeCheck = 1220;
				ORGANIZATIONNAME = "Raising the Floor";
				TargetAttributes = {
					FF56B31724C01CA700960132 = {
						CreatedOnToolsVersion = 11.4.1;
					};
				};
			};
			buildConfigurationList = FF56B31324C01CA700960132 /* Build configuration list for PBXProject "MorphicManualTester" */;
			compatibilityVersion = "Xcode 9.3";
			developmentRegion = en;
			hasScannedForEncodings = 0;
			knownRegions = (
				en,
				Base,
			);
			mainGroup = FF56B30F24C01CA700960132;
			productRefGroup = FF56B31924C01CA700960132 /* Products */;
			projectDirPath = "";
			projectRoot = "";
			targets = (
				FF56B31724C01CA700960132 /* MorphicManualTester */,
			);
		};
/* End PBXProject section */

/* Begin PBXResourcesBuildPhase section */
		FF56B31624C01CA700960132 /* Resources */ = {
			isa = PBXResourcesBuildPhase;
			buildActionMask = 2147483647;
			files = (
				FF56B32624C01CAA00960132 /* Main.storyboard in Resources */,
				FF56B32324C01CAA00960132 /* Preview Assets.xcassets in Resources */,
				FF56B32024C01CAA00960132 /* Assets.xcassets in Resources */,
			);
			runOnlyForDeploymentPostprocessing = 0;
		};
/* End PBXResourcesBuildPhase section */

/* Begin PBXSourcesBuildPhase section */
		FF56B31424C01CA700960132 /* Sources */ = {
			isa = PBXSourcesBuildPhase;
			buildActionMask = 2147483647;
			files = (
				FF56B31E24C01CA700960132 /* ContentView.swift in Sources */,
				FF486AD224C5C0140024503E /* SolutionViews.swift in Sources */,
				FF486ACE24C5BF4F0024503E /* RegistryManager.swift in Sources */,
				FF56B31C24C01CA700960132 /* AppDelegate.swift in Sources */,
			);
			runOnlyForDeploymentPostprocessing = 0;
		};
/* End PBXSourcesBuildPhase section */

/* Begin PBXVariantGroup section */
		FF56B32424C01CAA00960132 /* Main.storyboard */ = {
			isa = PBXVariantGroup;
			children = (
				FF56B32524C01CAA00960132 /* Base */,
			);
			name = Main.storyboard;
			sourceTree = "<group>";
		};
/* End PBXVariantGroup section */

/* Begin XCBuildConfiguration section */
		FF56B32924C01CAA00960132 /* Debug */ = {
			isa = XCBuildConfiguration;
			buildSettings = {
				ALWAYS_SEARCH_USER_PATHS = NO;
				CLANG_ANALYZER_NONNULL = YES;
				CLANG_ANALYZER_NUMBER_OBJECT_CONVERSION = YES_AGGRESSIVE;
				CLANG_CXX_LANGUAGE_STANDARD = "gnu++14";
				CLANG_CXX_LIBRARY = "libc++";
				CLANG_ENABLE_MODULES = YES;
				CLANG_ENABLE_OBJC_ARC = YES;
				CLANG_ENABLE_OBJC_WEAK = YES;
				CLANG_WARN_BLOCK_CAPTURE_AUTORELEASING = YES;
				CLANG_WARN_BOOL_CONVERSION = YES;
				CLANG_WARN_COMMA = YES;
				CLANG_WARN_CONSTANT_CONVERSION = YES;
				CLANG_WARN_DEPRECATED_OBJC_IMPLEMENTATIONS = YES;
				CLANG_WARN_DIRECT_OBJC_ISA_USAGE = YES_ERROR;
				CLANG_WARN_DOCUMENTATION_COMMENTS = YES;
				CLANG_WARN_EMPTY_BODY = YES;
				CLANG_WARN_ENUM_CONVERSION = YES;
				CLANG_WARN_INFINITE_RECURSION = YES;
				CLANG_WARN_INT_CONVERSION = YES;
				CLANG_WARN_NON_LITERAL_NULL_CONVERSION = YES;
				CLANG_WARN_OBJC_IMPLICIT_RETAIN_SELF = YES;
				CLANG_WARN_OBJC_LITERAL_CONVERSION = YES;
				CLANG_WARN_OBJC_ROOT_CLASS = YES_ERROR;
				CLANG_WARN_QUOTED_INCLUDE_IN_FRAMEWORK_HEADER = YES;
				CLANG_WARN_RANGE_LOOP_ANALYSIS = YES;
				CLANG_WARN_STRICT_PROTOTYPES = YES;
				CLANG_WARN_SUSPICIOUS_MOVE = YES;
				CLANG_WARN_UNGUARDED_AVAILABILITY = YES_AGGRESSIVE;
				CLANG_WARN_UNREACHABLE_CODE = YES;
				CLANG_WARN__DUPLICATE_METHOD_MATCH = YES;
				COPY_PHASE_STRIP = NO;
				DEBUG_INFORMATION_FORMAT = dwarf;
				ENABLE_STRICT_OBJC_MSGSEND = YES;
				ENABLE_TESTABILITY = YES;
				GCC_C_LANGUAGE_STANDARD = gnu11;
				GCC_DYNAMIC_NO_PIC = NO;
				GCC_NO_COMMON_BLOCKS = YES;
				GCC_OPTIMIZATION_LEVEL = 0;
				GCC_PREPROCESSOR_DEFINITIONS = (
					"DEBUG=1",
					"$(inherited)",
				);
				GCC_WARN_64_TO_32_BIT_CONVERSION = YES;
				GCC_WARN_ABOUT_RETURN_TYPE = YES_ERROR;
				GCC_WARN_UNDECLARED_SELECTOR = YES;
				GCC_WARN_UNINITIALIZED_AUTOS = YES_AGGRESSIVE;
				GCC_WARN_UNUSED_FUNCTION = YES;
				GCC_WARN_UNUSED_VARIABLE = YES;
				MACOSX_DEPLOYMENT_TARGET = 13.0;
				MTL_ENABLE_DEBUG_INFO = INCLUDE_SOURCE;
				MTL_FAST_MATH = YES;
				ONLY_ACTIVE_ARCH = YES;
				SDKROOT = macosx;
				SWIFT_ACTIVE_COMPILATION_CONDITIONS = DEBUG;
				SWIFT_OPTIMIZATION_LEVEL = "-Onone";
			};
			name = Debug;
		};
		FF56B32A24C01CAA00960132 /* Release */ = {
			isa = XCBuildConfiguration;
			buildSettings = {
				ALWAYS_SEARCH_USER_PATHS = NO;
				CLANG_ANALYZER_NONNULL = YES;
				CLANG_ANALYZER_NUMBER_OBJECT_CONVERSION = YES_AGGRESSIVE;
				CLANG_CXX_LANGUAGE_STANDARD = "gnu++14";
				CLANG_CXX_LIBRARY = "libc++";
				CLANG_ENABLE_MODULES = YES;
				CLANG_ENABLE_OBJC_ARC = YES;
				CLANG_ENABLE_OBJC_WEAK = YES;
				CLANG_WARN_BLOCK_CAPTURE_AUTORELEASING = YES;
				CLANG_WARN_BOOL_CONVERSION = YES;
				CLANG_WARN_COMMA = YES;
				CLANG_WARN_CONSTANT_CONVERSION = YES;
				CLANG_WARN_DEPRECATED_OBJC_IMPLEMENTATIONS = YES;
				CLANG_WARN_DIRECT_OBJC_ISA_USAGE = YES_ERROR;
				CLANG_WARN_DOCUMENTATION_COMMENTS = YES;
				CLANG_WARN_EMPTY_BODY = YES;
				CLANG_WARN_ENUM_CONVERSION = YES;
				CLANG_WARN_INFINITE_RECURSION = YES;
				CLANG_WARN_INT_CONVERSION = YES;
				CLANG_WARN_NON_LITERAL_NULL_CONVERSION = YES;
				CLANG_WARN_OBJC_IMPLICIT_RETAIN_SELF = YES;
				CLANG_WARN_OBJC_LITERAL_CONVERSION = YES;
				CLANG_WARN_OBJC_ROOT_CLASS = YES_ERROR;
				CLANG_WARN_QUOTED_INCLUDE_IN_FRAMEWORK_HEADER = YES;
				CLANG_WARN_RANGE_LOOP_ANALYSIS = YES;
				CLANG_WARN_STRICT_PROTOTYPES = YES;
				CLANG_WARN_SUSPICIOUS_MOVE = YES;
				CLANG_WARN_UNGUARDED_AVAILABILITY = YES_AGGRESSIVE;
				CLANG_WARN_UNREACHABLE_CODE = YES;
				CLANG_WARN__DUPLICATE_METHOD_MATCH = YES;
				COPY_PHASE_STRIP = NO;
				DEBUG_INFORMATION_FORMAT = "dwarf-with-dsym";
				ENABLE_NS_ASSERTIONS = NO;
				ENABLE_STRICT_OBJC_MSGSEND = YES;
				GCC_C_LANGUAGE_STANDARD = gnu11;
				GCC_NO_COMMON_BLOCKS = YES;
				GCC_WARN_64_TO_32_BIT_CONVERSION = YES;
				GCC_WARN_ABOUT_RETURN_TYPE = YES_ERROR;
				GCC_WARN_UNDECLARED_SELECTOR = YES;
				GCC_WARN_UNINITIALIZED_AUTOS = YES_AGGRESSIVE;
				GCC_WARN_UNUSED_FUNCTION = YES;
				GCC_WARN_UNUSED_VARIABLE = YES;
				MACOSX_DEPLOYMENT_TARGET = 13.0;
				MTL_ENABLE_DEBUG_INFO = NO;
				MTL_FAST_MATH = YES;
				SDKROOT = macosx;
				SWIFT_COMPILATION_MODE = wholemodule;
				SWIFT_OPTIMIZATION_LEVEL = "-O";
			};
			name = Release;
		};
		FF56B32C24C01CAA00960132 /* Debug */ = {
			isa = XCBuildConfiguration;
			buildSettings = {
				ASSETCATALOG_COMPILER_APPICON_NAME = AppIcon;
				CODE_SIGN_ENTITLEMENTS = MorphicManualTester/MorphicManualTester.entitlements;
				CODE_SIGN_IDENTITY = "Apple Development";
				CODE_SIGN_STYLE = Automatic;
				COMBINE_HIDPI_IMAGES = YES;
				DEVELOPMENT_ASSET_PATHS = "\"MorphicManualTester/Preview Content\"";
				DEVELOPMENT_TEAM = 5AAXYGZ428;
				ENABLE_HARDENED_RUNTIME = YES;
				ENABLE_PREVIEWS = YES;
				INFOPLIST_FILE = MorphicManualTester/Info.plist;
				LD_RUNPATH_SEARCH_PATHS = (
					"$(inherited)",
					"@executable_path/../Frameworks",
				);
				MACOSX_DEPLOYMENT_TARGET = 13.0;
				PRODUCT_BUNDLE_IDENTIFIER = org.raisingthefloor.MorphicManualTester;
				PRODUCT_NAME = "$(TARGET_NAME)";
				SWIFT_VERSION = 5.0;
			};
			name = Debug;
		};
		FF56B32D24C01CAA00960132 /* Release */ = {
			isa = XCBuildConfiguration;
			buildSettings = {
				ASSETCATALOG_COMPILER_APPICON_NAME = AppIcon;
				CODE_SIGN_ENTITLEMENTS = MorphicManualTester/MorphicManualTester.entitlements;
				CODE_SIGN_IDENTITY = "Apple Development";
				CODE_SIGN_STYLE = Automatic;
				COMBINE_HIDPI_IMAGES = YES;
				DEVELOPMENT_ASSET_PATHS = "\"MorphicManualTester/Preview Content\"";
				DEVELOPMENT_TEAM = 5AAXYGZ428;
				ENABLE_HARDENED_RUNTIME = YES;
				ENABLE_PREVIEWS = YES;
				INFOPLIST_FILE = MorphicManualTester/Info.plist;
				LD_RUNPATH_SEARCH_PATHS = (
					"$(inherited)",
					"@executable_path/../Frameworks",
				);
				MACOSX_DEPLOYMENT_TARGET = 13.0;
				PRODUCT_BUNDLE_IDENTIFIER = org.raisingthefloor.MorphicManualTester;
				PRODUCT_NAME = "$(TARGET_NAME)";
				SWIFT_VERSION = 5.0;
			};
			name = Release;
		};
/* End XCBuildConfiguration section */

/* Begin XCConfigurationList section */
		FF56B31324C01CA700960132 /* Build configuration list for PBXProject "MorphicManualTester" */ = {
			isa = XCConfigurationList;
			buildConfigurations = (
				FF56B32924C01CAA00960132 /* Debug */,
				FF56B32A24C01CAA00960132 /* Release */,
			);
			defaultConfigurationIsVisible = 0;
			defaultConfigurationName = Release;
		};
		FF56B32B24C01CAA00960132 /* Build configuration list for PBXNativeTarget "MorphicManualTester" */ = {
			isa = XCConfigurationList;
			buildConfigurations = (
				FF56B32C24C01CAA00960132 /* Debug */,
				FF56B32D24C01CAA00960132 /* Release */,
			);
			defaultConfigurationIsVisible = 0;
			defaultConfigurationName = Release;
		};
/* End XCConfigurationList section */
	};
	rootObject = FF56B31024C01CA700960132 /* Project object */;
}
