// !$*UTF8*$!
{
	archiveVersion = 1;
	classes = {
	};
	objectVersion = 50;
	objects = {

/* Begin PBXBuildFile section */
		3113364D2427F01100686AF6 /* SettingsManager.swift in Sources */ = {isa = PBXBuildFile; fileRef = 3113364C2427F01100686AF6 /* SettingsManager.swift */; };
		311336512427F33600686AF6 /* Display.swift in Sources */ = {isa = PBXBuildFile; fileRef = 311336502427F33600686AF6 /* Display.swift */; };
		312973EF24A275D7000F5ED1 /* Setting.swift in Sources */ = {isa = PBXBuildFile; fileRef = 312973EE24A275D7000F5ED1 /* Setting.swift */; };
		312DBFF024A27BCF002FB951 /* Solution.swift in Sources */ = {isa = PBXBuildFile; fileRef = 312DBFEF24A27BCF002FB951 /* Solution.swift */; };
		312DBFF324A28556002FB951 /* DefaultsReadUIWriteSettingHandler.swift in Sources */ = {isa = PBXBuildFile; fileRef = 312DBFF224A28556002FB951 /* DefaultsReadUIWriteSettingHandler.swift */; };
		312DBFF724A28AFD002FB951 /* SettingFinalizer.swift in Sources */ = {isa = PBXBuildFile; fileRef = 312DBFF624A28AFD002FB951 /* SettingFinalizer.swift */; };
		312DBFF924A2B200002FB951 /* ClientSettingHandler.swift in Sources */ = {isa = PBXBuildFile; fileRef = 312DBFF824A2B200002FB951 /* ClientSettingHandler.swift */; };
		312DBFFB24A2C66A002FB951 /* ApplySession.swift in Sources */ = {isa = PBXBuildFile; fileRef = 312DBFFA24A2C66A002FB951 /* ApplySession.swift */; };
		312DBFFD24A2C683002FB951 /* CaptureSession.swift in Sources */ = {isa = PBXBuildFile; fileRef = 312DBFFC24A2C683002FB951 /* CaptureSession.swift */; };
		3137AC4224B0FB9600CE3808 /* MenuElement.swift in Sources */ = {isa = PBXBuildFile; fileRef = 3137AC4124B0FB9600CE3808 /* MenuElement.swift */; };
		3137AC4424B0FBC600CE3808 /* MenuItemElement.swift in Sources */ = {isa = PBXBuildFile; fileRef = 3137AC4324B0FBC600CE3808 /* MenuItemElement.swift */; };
		314EB6DE24A6A67700CF3D48 /* LegacyUIAutomation.swift in Sources */ = {isa = PBXBuildFile; fileRef = 314EB6DD24A6A67700CF3D48 /* LegacyUIAutomation.swift */; };
		314EB6E024A6A69B00CF3D48 /* DisplayUIAutomations.swift in Sources */ = {isa = PBXBuildFile; fileRef = 314EB6DF24A6A69B00CF3D48 /* DisplayUIAutomations.swift */; };
		314EB6E224A6B34300CF3D48 /* TabElement.swift in Sources */ = {isa = PBXBuildFile; fileRef = 314EB6E124A6B34300CF3D48 /* TabElement.swift */; };
		315EEC8324A530970039C61D /* SystemPreferences.swift in Sources */ = {isa = PBXBuildFile; fileRef = 315EEC8224A530970039C61D /* SystemPreferences.swift */; };
		315EEC8524A536290039C61D /* UIElement.swift in Sources */ = {isa = PBXBuildFile; fileRef = 315EEC8424A536290039C61D /* UIElement.swift */; };
		315EEC8724A536A60039C61D /* TabGroupElement.swift in Sources */ = {isa = PBXBuildFile; fileRef = 315EEC8624A536A60039C61D /* TabGroupElement.swift */; };
		315EEC8924A536FB0039C61D /* CheckboxElement.swift in Sources */ = {isa = PBXBuildFile; fileRef = 315EEC8824A536FB0039C61D /* CheckboxElement.swift */; };
		315EEC8B24A546AE0039C61D /* ToolbarElement.swift in Sources */ = {isa = PBXBuildFile; fileRef = 315EEC8A24A546AE0039C61D /* ToolbarElement.swift */; };
		315EEC8F24A5477E0039C61D /* ApplicationElement.swift in Sources */ = {isa = PBXBuildFile; fileRef = 315EEC8E24A5477E0039C61D /* ApplicationElement.swift */; };
		315EEC9124A547B70039C61D /* WindowElement.swift in Sources */ = {isa = PBXBuildFile; fileRef = 315EEC9024A547B70039C61D /* WindowElement.swift */; };
		315EEC9324A5520F0039C61D /* SystemPreferencesElement.swift in Sources */ = {isa = PBXBuildFile; fileRef = 315EEC9224A5520F0039C61D /* SystemPreferencesElement.swift */; };
		315EEC9524A554580039C61D /* ButtonElement.swift in Sources */ = {isa = PBXBuildFile; fileRef = 315EEC9424A554580039C61D /* ButtonElement.swift */; };
		315EEC9724A56DF20039C61D /* AccessibilityPreferencesElement.swift in Sources */ = {isa = PBXBuildFile; fileRef = 315EEC9624A56DF20039C61D /* AccessibilityPreferencesElement.swift */; };
		315EEC9924A5714F0039C61D /* RowElement.swift in Sources */ = {isa = PBXBuildFile; fileRef = 315EEC9824A5714F0039C61D /* RowElement.swift */; };
		315EEC9B24A573A80039C61D /* TableElement.swift in Sources */ = {isa = PBXBuildFile; fileRef = 315EEC9A24A573A80039C61D /* TableElement.swift */; };
		315EEC9D24A576180039C61D /* LabelElement.swift in Sources */ = {isa = PBXBuildFile; fileRef = 315EEC9C24A576180039C61D /* LabelElement.swift */; };
		315EEC9F24A576A50039C61D /* CellElement.swift in Sources */ = {isa = PBXBuildFile; fileRef = 315EEC9E24A576A50039C61D /* CellElement.swift */; };
		315EECA524A5890B0039C61D /* WorkspaceElement.swift in Sources */ = {isa = PBXBuildFile; fileRef = 315EECA424A5890B0039C61D /* WorkspaceElement.swift */; };
		31A0A5812405967600166668 /* MorphicSettings.framework in Frameworks */ = {isa = PBXBuildFile; fileRef = 31A0A5772405967600166668 /* MorphicSettings.framework */; };
		31A0A5862405967600166668 /* MorphicSettingsTests.swift in Sources */ = {isa = PBXBuildFile; fileRef = 31A0A5852405967600166668 /* MorphicSettingsTests.swift */; };
		31A0A5882405967600166668 /* MorphicSettings.h in Headers */ = {isa = PBXBuildFile; fileRef = 31A0A57A2405967600166668 /* MorphicSettings.h */; settings = {ATTRIBUTES = (Public, ); }; };
		31A16BCB2423E86C0081A72C /* MorphicLaunchDaemonsAndAgents.swift in Sources */ = {isa = PBXBuildFile; fileRef = 31A16BBD2423E86B0081A72C /* MorphicLaunchDaemonsAndAgents.swift */; };
		31A16BCD2423E86C0081A72C /* MorphicInput.swift in Sources */ = {isa = PBXBuildFile; fileRef = 31A16BC02423E86B0081A72C /* MorphicInput.swift */; };
		31A16BCE2423E86C0081A72C /* MorphicLanguage.swift in Sources */ = {isa = PBXBuildFile; fileRef = 31A16BC22423E86C0081A72C /* MorphicLanguage.swift */; };
		31A16BCF2423E86C0081A72C /* MorphicDisk.swift in Sources */ = {isa = PBXBuildFile; fileRef = 31A16BC42423E86C0081A72C /* MorphicDisk.swift */; };
		31A16BD02423E86C0081A72C /* MorphicDisplay.swift in Sources */ = {isa = PBXBuildFile; fileRef = 31A16BC62423E86C0081A72C /* MorphicDisplay.swift */; };
		31A16BD12423E86C0081A72C /* MorphicAudio.swift in Sources */ = {isa = PBXBuildFile; fileRef = 31A16BC82423E86C0081A72C /* MorphicAudio.swift */; };
		31A16BD22423E86C0081A72C /* MorphicWindow.swift in Sources */ = {isa = PBXBuildFile; fileRef = 31A16BCA2423E86C0081A72C /* MorphicWindow.swift */; };
		31CE56E22448C8F700A52A7B /* SettingHandler.swift in Sources */ = {isa = PBXBuildFile; fileRef = 31CE56E12448C8F700A52A7B /* SettingHandler.swift */; };
		31CE56EB244A149B00A52A7B /* Audio.swift in Sources */ = {isa = PBXBuildFile; fileRef = 31CE56EA244A149B00A52A7B /* Audio.swift */; };
		31F9AEDD24A7F2D90026EBDA /* AccessibilityUIAutomation.swift in Sources */ = {isa = PBXBuildFile; fileRef = 31F9AEDC24A7F2D90026EBDA /* AccessibilityUIAutomation.swift */; };
		31F9AEE324A7F7EA0026EBDA /* VoiceOverUIAutomations.swift in Sources */ = {isa = PBXBuildFile; fileRef = 31F9AEE224A7F7EA0026EBDA /* VoiceOverUIAutomations.swift */; };
		31F9AEE524A803B90026EBDA /* ZoomUIAutomations.swift in Sources */ = {isa = PBXBuildFile; fileRef = 31F9AEE424A803B90026EBDA /* ZoomUIAutomations.swift */; };
		31F9AEEC24AA54BF0026EBDA /* PopUpButtonElement.swift in Sources */ = {isa = PBXBuildFile; fileRef = 31F9AEEB24AA54BF0026EBDA /* PopUpButtonElement.swift */; };
		31F9AEEE24AA575B0026EBDA /* SliderElement.swift in Sources */ = {isa = PBXBuildFile; fileRef = 31F9AEED24AA575B0026EBDA /* SliderElement.swift */; };
		9D0AF77324A460A9007E177E /* CoreBrightness.framework in Frameworks */ = {isa = PBXBuildFile; fileRef = 9D0AF77224A460A9007E177E /* CoreBrightness.framework */; };
		9D0AF77724A4616E007E177E /* MorphicNightShift.swift in Sources */ = {isa = PBXBuildFile; fileRef = 9D0AF77624A4616E007E177E /* MorphicNightShift.swift */; };
		9D38C4C52528F09B0064FB74 /* SkyLight.h in Headers */ = {isa = PBXBuildFile; fileRef = 9D38C4C42528F0810064FB74 /* SkyLight.h */; settings = {ATTRIBUTES = (Private, ); }; };
		9D38C4C92528F0D70064FB74 /* SkyLight.framework in Frameworks */ = {isa = PBXBuildFile; fileRef = 9D38C4C82528F0D70064FB74 /* SkyLight.framework */; };
		9D38C4CF2528F11A0064FB74 /* MorphicDisplayAppearance.swift in Sources */ = {isa = PBXBuildFile; fileRef = 9D38C4CE2528F11A0064FB74 /* MorphicDisplayAppearance.swift */; };
		9D38C4E4252A2D270064FB74 /* MorphicDisplayAccessibilitySettings.swift in Sources */ = {isa = PBXBuildFile; fileRef = 9D38C4E3252A2D270064FB74 /* MorphicDisplayAccessibilitySettings.swift */; };
		9D38C4E7252A2D810064FB74 /* MediaAccessibility.h in Headers */ = {isa = PBXBuildFile; fileRef = 9D38C4E6252A2D810064FB74 /* MediaAccessibility.h */; settings = {ATTRIBUTES = (Private, ); }; };
		9D38C4EC252A33AD0064FB74 /* MediaAccessibility.framework in Frameworks */ = {isa = PBXBuildFile; fileRef = 9D38C4EB252A33AD0064FB74 /* MediaAccessibility.framework */; };
		9D38C4F0252A386B0064FB74 /* UniversalAccess.h in Headers */ = {isa = PBXBuildFile; fileRef = 9D38C4EE252A37AB0064FB74 /* UniversalAccess.h */; settings = {ATTRIBUTES = (Private, ); }; };
		9D38C4F4252A38870064FB74 /* UniversalAccess.framework in Frameworks */ = {isa = PBXBuildFile; fileRef = 9D38C4F3252A38870064FB74 /* UniversalAccess.framework */; };
		9D3AC8B929AD41F2007D3E8A /* MagnifierZoomSettings.swift in Sources */ = {isa = PBXBuildFile; fileRef = 9D3AC8B829AD41F2007D3E8A /* MagnifierZoomSettings.swift */; };
		9D3AC8C229AE9EA8007D3E8A /* AccessibilityDisplaySettings.swift in Sources */ = {isa = PBXBuildFile; fileRef = 9D3AC8C129AE9EA8007D3E8A /* AccessibilityDisplaySettings.swift */; };
		9D3AC8C429AE9F34007D3E8A /* UserDefaultsUtils.swift in Sources */ = {isa = PBXBuildFile; fileRef = 9D3AC8C329AE9F34007D3E8A /* UserDefaultsUtils.swift */; };
		9D4B24BF25143D0000F0B2E2 /* GeneralUIAutomations.swift in Sources */ = {isa = PBXBuildFile; fileRef = 9D4B24BE25143D0000F0B2E2 /* GeneralUIAutomations.swift */; };
		9D4B24C225143F8700F0B2E2 /* GeneralPreferencesElement.swift in Sources */ = {isa = PBXBuildFile; fileRef = 9D4B24C125143F8700F0B2E2 /* GeneralPreferencesElement.swift */; };
		9D4DF00C29B5471D0033FD1F /* UIAutomationSetSettingProxy.swift in Sources */ = {isa = PBXBuildFile; fileRef = 9D4DF00B29B5471D0033FD1F /* UIAutomationSetSettingProxy.swift */; };
		9D59F47E24A6B3040004C35B /* CBBlueLightClient.h in Headers */ = {isa = PBXBuildFile; fileRef = 9D0AF77524A4613D007E177E /* CBBlueLightClient.h */; settings = {ATTRIBUTES = (Private, ); }; };
		9D5EC22C24927EFD00AC77B5 /* MorphicPropertyList.swift in Sources */ = {isa = PBXBuildFile; fileRef = 9D5EC22B24927EFD00AC77B5 /* MorphicPropertyList.swift */; };
		9D6264162832B32900CB4224 /* MorphicNetworkInterface.swift in Sources */ = {isa = PBXBuildFile; fileRef = 9D6264152832B32900CB4224 /* MorphicNetworkInterface.swift */; };
		9D68EA512797273200AC3A88 /* MorphicMouse.swift in Sources */ = {isa = PBXBuildFile; fileRef = 9D68EA502797273200AC3A88 /* MorphicMouse.swift */; };
		9D6916222911B835002F3A21 /* MorphicMacOSNative.framework in Frameworks */ = {isa = PBXBuildFile; fileRef = 9D6916212911B835002F3A21 /* MorphicMacOSNative.framework */; };
		9D6916232911B835002F3A21 /* MorphicMacOSNative.framework in Embed Frameworks */ = {isa = PBXBuildFile; fileRef = 9D6916212911B835002F3A21 /* MorphicMacOSNative.framework */; settings = {ATTRIBUTES = (CodeSignOnCopy, RemoveHeadersOnCopy, ); }; };
		9DC0D42A25E6587500E17D9E /* MorphicCore.framework in Frameworks */ = {isa = PBXBuildFile; fileRef = 311336532427FB3400686AF6 /* MorphicCore.framework */; };
		9DC0D42B25E6587500E17D9E /* MorphicCore.framework in Embed Frameworks */ = {isa = PBXBuildFile; fileRef = 311336532427FB3400686AF6 /* MorphicCore.framework */; settings = {ATTRIBUTES = (CodeSignOnCopy, RemoveHeadersOnCopy, ); }; };
		9DC4FDE5253603AD0051BB23 /* ApplicationServices.h in Headers */ = {isa = PBXBuildFile; fileRef = 9DC4FDE42536030F0051BB23 /* ApplicationServices.h */; settings = {ATTRIBUTES = (Private, ); }; };
		9DD22FBA24DCB8B800C2FA52 /* SpeechUIAutomations.swift in Sources */ = {isa = PBXBuildFile; fileRef = 9DD22FB924DCB8B800C2FA52 /* SpeechUIAutomations.swift */; };
		9DD4F4842517ACCD00ADCC25 /* MousePreferencesElement.swift in Sources */ = {isa = PBXBuildFile; fileRef = 9DD4F4832517ACCD00ADCC25 /* MousePreferencesElement.swift */; };
		9DD4F48E2517ACDE00ADCC25 /* MouseUIAutomations.swift in Sources */ = {isa = PBXBuildFile; fileRef = 9DD4F48D2517ACDE00ADCC25 /* MouseUIAutomations.swift */; };
		9DD4F49A2517AF1600ADCC25 /* KeyboardPreferencesElement.swift in Sources */ = {isa = PBXBuildFile; fileRef = 9DD4F4992517AF1600ADCC25 /* KeyboardPreferencesElement.swift */; };
		9DD4F49D2517AF2A00ADCC25 /* KeyboardUIAutomations.swift in Sources */ = {isa = PBXBuildFile; fileRef = 9DD4F49C2517AF2A00ADCC25 /* KeyboardUIAutomations.swift */; };
		9DD4F4A12517B06200ADCC25 /* LanguageAndRegionUIAutomations.swift in Sources */ = {isa = PBXBuildFile; fileRef = 9DD4F4A02517B06200ADCC25 /* LanguageAndRegionUIAutomations.swift */; };
		9DD4F4A42517B0F200ADCC25 /* LanguageAndRegionPreferencesElement.swift in Sources */ = {isa = PBXBuildFile; fileRef = 9DD4F4A32517B0F200ADCC25 /* LanguageAndRegionPreferencesElement.swift */; };
		9DE45B962517114100209421 /* DisplaysUIAutomation.swift in Sources */ = {isa = PBXBuildFile; fileRef = 9DE45B952517114100209421 /* DisplaysUIAutomation.swift */; };
		9DE45B9F251712EB00209421 /* DisplaysPreferencesElement.swift in Sources */ = {isa = PBXBuildFile; fileRef = 9DE45B9E251712EB00209421 /* DisplaysPreferencesElement.swift */; };
/* End PBXBuildFile section */

/* Begin PBXContainerItemProxy section */
		31A0A5822405967600166668 /* PBXContainerItemProxy */ = {
			isa = PBXContainerItemProxy;
			containerPortal = 31A0A56E2405967600166668 /* Project object */;
			proxyType = 1;
			remoteGlobalIDString = 31A0A5762405967600166668;
			remoteInfo = MorphicSettings;
		};
/* End PBXContainerItemProxy section */

/* Begin PBXCopyFilesBuildPhase section */
		311336562427FB3500686AF6 /* Embed Frameworks */ = {
			isa = PBXCopyFilesBuildPhase;
			buildActionMask = 2147483647;
			dstPath = "";
			dstSubfolderSpec = 10;
			files = (
				9D6916232911B835002F3A21 /* MorphicMacOSNative.framework in Embed Frameworks */,
				9DC0D42B25E6587500E17D9E /* MorphicCore.framework in Embed Frameworks */,
			);
			name = "Embed Frameworks";
			runOnlyForDeploymentPostprocessing = 0;
		};
/* End PBXCopyFilesBuildPhase section */

/* Begin PBXFileReference section */
		3113364C2427F01100686AF6 /* SettingsManager.swift */ = {isa = PBXFileReference; lastKnownFileType = sourcecode.swift; path = SettingsManager.swift; sourceTree = "<group>"; };
		311336502427F33600686AF6 /* Display.swift */ = {isa = PBXFileReference; lastKnownFileType = sourcecode.swift; path = Display.swift; sourceTree = "<group>"; };
		311336532427FB3400686AF6 /* MorphicCore.framework */ = {isa = PBXFileReference; explicitFileType = wrapper.framework; path = MorphicCore.framework; sourceTree = BUILT_PRODUCTS_DIR; };
		312973EE24A275D7000F5ED1 /* Setting.swift */ = {isa = PBXFileReference; lastKnownFileType = sourcecode.swift; path = Setting.swift; sourceTree = "<group>"; };
		312DBFEF24A27BCF002FB951 /* Solution.swift */ = {isa = PBXFileReference; lastKnownFileType = sourcecode.swift; path = Solution.swift; sourceTree = "<group>"; };
		312DBFF224A28556002FB951 /* DefaultsReadUIWriteSettingHandler.swift */ = {isa = PBXFileReference; lastKnownFileType = sourcecode.swift; path = DefaultsReadUIWriteSettingHandler.swift; sourceTree = "<group>"; };
		312DBFF624A28AFD002FB951 /* SettingFinalizer.swift */ = {isa = PBXFileReference; lastKnownFileType = sourcecode.swift; path = SettingFinalizer.swift; sourceTree = "<group>"; };
		312DBFF824A2B200002FB951 /* ClientSettingHandler.swift */ = {isa = PBXFileReference; lastKnownFileType = sourcecode.swift; path = ClientSettingHandler.swift; sourceTree = "<group>"; };
		312DBFFA24A2C66A002FB951 /* ApplySession.swift */ = {isa = PBXFileReference; lastKnownFileType = sourcecode.swift; path = ApplySession.swift; sourceTree = "<group>"; };
		312DBFFC24A2C683002FB951 /* CaptureSession.swift */ = {isa = PBXFileReference; lastKnownFileType = sourcecode.swift; path = CaptureSession.swift; sourceTree = "<group>"; };
		3137AC4124B0FB9600CE3808 /* MenuElement.swift */ = {isa = PBXFileReference; lastKnownFileType = sourcecode.swift; path = MenuElement.swift; sourceTree = "<group>"; };
		3137AC4324B0FBC600CE3808 /* MenuItemElement.swift */ = {isa = PBXFileReference; lastKnownFileType = sourcecode.swift; path = MenuItemElement.swift; sourceTree = "<group>"; };
		314EB6DD24A6A67700CF3D48 /* LegacyUIAutomation.swift */ = {isa = PBXFileReference; lastKnownFileType = sourcecode.swift; path = LegacyUIAutomation.swift; sourceTree = "<group>"; };
		314EB6DF24A6A69B00CF3D48 /* DisplayUIAutomations.swift */ = {isa = PBXFileReference; lastKnownFileType = sourcecode.swift; path = DisplayUIAutomations.swift; sourceTree = "<group>"; };
		314EB6E124A6B34300CF3D48 /* TabElement.swift */ = {isa = PBXFileReference; lastKnownFileType = sourcecode.swift; path = TabElement.swift; sourceTree = "<group>"; };
		315EEC8224A530970039C61D /* SystemPreferences.swift */ = {isa = PBXFileReference; lastKnownFileType = sourcecode.swift; path = SystemPreferences.swift; sourceTree = "<group>"; };
		315EEC8424A536290039C61D /* UIElement.swift */ = {isa = PBXFileReference; lastKnownFileType = sourcecode.swift; path = UIElement.swift; sourceTree = "<group>"; };
		315EEC8624A536A60039C61D /* TabGroupElement.swift */ = {isa = PBXFileReference; lastKnownFileType = sourcecode.swift; path = TabGroupElement.swift; sourceTree = "<group>"; };
		315EEC8824A536FB0039C61D /* CheckboxElement.swift */ = {isa = PBXFileReference; lastKnownFileType = sourcecode.swift; path = CheckboxElement.swift; sourceTree = "<group>"; };
		315EEC8A24A546AE0039C61D /* ToolbarElement.swift */ = {isa = PBXFileReference; lastKnownFileType = sourcecode.swift; path = ToolbarElement.swift; sourceTree = "<group>"; };
		315EEC8E24A5477E0039C61D /* ApplicationElement.swift */ = {isa = PBXFileReference; lastKnownFileType = sourcecode.swift; path = ApplicationElement.swift; sourceTree = "<group>"; };
		315EEC9024A547B70039C61D /* WindowElement.swift */ = {isa = PBXFileReference; lastKnownFileType = sourcecode.swift; path = WindowElement.swift; sourceTree = "<group>"; };
		315EEC9224A5520F0039C61D /* SystemPreferencesElement.swift */ = {isa = PBXFileReference; lastKnownFileType = sourcecode.swift; path = SystemPreferencesElement.swift; sourceTree = "<group>"; };
		315EEC9424A554580039C61D /* ButtonElement.swift */ = {isa = PBXFileReference; lastKnownFileType = sourcecode.swift; path = ButtonElement.swift; sourceTree = "<group>"; };
		315EEC9624A56DF20039C61D /* AccessibilityPreferencesElement.swift */ = {isa = PBXFileReference; lastKnownFileType = sourcecode.swift; path = AccessibilityPreferencesElement.swift; sourceTree = "<group>"; };
		315EEC9824A5714F0039C61D /* RowElement.swift */ = {isa = PBXFileReference; lastKnownFileType = sourcecode.swift; path = RowElement.swift; sourceTree = "<group>"; };
		315EEC9A24A573A80039C61D /* TableElement.swift */ = {isa = PBXFileReference; lastKnownFileType = sourcecode.swift; path = TableElement.swift; sourceTree = "<group>"; };
		315EEC9C24A576180039C61D /* LabelElement.swift */ = {isa = PBXFileReference; lastKnownFileType = sourcecode.swift; path = LabelElement.swift; sourceTree = "<group>"; };
		315EEC9E24A576A50039C61D /* CellElement.swift */ = {isa = PBXFileReference; lastKnownFileType = sourcecode.swift; path = CellElement.swift; sourceTree = "<group>"; };
		315EECA424A5890B0039C61D /* WorkspaceElement.swift */ = {isa = PBXFileReference; lastKnownFileType = sourcecode.swift; path = WorkspaceElement.swift; sourceTree = "<group>"; };
		31A0A5772405967600166668 /* MorphicSettings.framework */ = {isa = PBXFileReference; explicitFileType = wrapper.framework; includeInIndex = 0; path = MorphicSettings.framework; sourceTree = BUILT_PRODUCTS_DIR; };
		31A0A57A2405967600166668 /* MorphicSettings.h */ = {isa = PBXFileReference; lastKnownFileType = sourcecode.c.h; path = MorphicSettings.h; sourceTree = "<group>"; };
		31A0A57B2405967600166668 /* Info.plist */ = {isa = PBXFileReference; lastKnownFileType = text.plist.xml; path = Info.plist; sourceTree = "<group>"; };
		31A0A5802405967600166668 /* MorphicSettingsTests.xctest */ = {isa = PBXFileReference; explicitFileType = wrapper.cfbundle; includeInIndex = 0; path = MorphicSettingsTests.xctest; sourceTree = BUILT_PRODUCTS_DIR; };
		31A0A5852405967600166668 /* MorphicSettingsTests.swift */ = {isa = PBXFileReference; lastKnownFileType = sourcecode.swift; path = MorphicSettingsTests.swift; sourceTree = "<group>"; };
		31A0A5872405967600166668 /* Info.plist */ = {isa = PBXFileReference; lastKnownFileType = text.plist.xml; path = Info.plist; sourceTree = "<group>"; };
		31A16BBD2423E86B0081A72C /* MorphicLaunchDaemonsAndAgents.swift */ = {isa = PBXFileReference; fileEncoding = 4; lastKnownFileType = sourcecode.swift; path = MorphicLaunchDaemonsAndAgents.swift; sourceTree = "<group>"; };
		31A16BC02423E86B0081A72C /* MorphicInput.swift */ = {isa = PBXFileReference; fileEncoding = 4; lastKnownFileType = sourcecode.swift; path = MorphicInput.swift; sourceTree = "<group>"; };
		31A16BC22423E86C0081A72C /* MorphicLanguage.swift */ = {isa = PBXFileReference; fileEncoding = 4; lastKnownFileType = sourcecode.swift; path = MorphicLanguage.swift; sourceTree = "<group>"; };
		31A16BC42423E86C0081A72C /* MorphicDisk.swift */ = {isa = PBXFileReference; fileEncoding = 4; lastKnownFileType = sourcecode.swift; path = MorphicDisk.swift; sourceTree = "<group>"; };
		31A16BC62423E86C0081A72C /* MorphicDisplay.swift */ = {isa = PBXFileReference; fileEncoding = 4; lastKnownFileType = sourcecode.swift; path = MorphicDisplay.swift; sourceTree = "<group>"; };
		31A16BC82423E86C0081A72C /* MorphicAudio.swift */ = {isa = PBXFileReference; fileEncoding = 4; lastKnownFileType = sourcecode.swift; path = MorphicAudio.swift; sourceTree = "<group>"; };
		31A16BCA2423E86C0081A72C /* MorphicWindow.swift */ = {isa = PBXFileReference; fileEncoding = 4; lastKnownFileType = sourcecode.swift; path = MorphicWindow.swift; sourceTree = "<group>"; };
		31CE56E12448C8F700A52A7B /* SettingHandler.swift */ = {isa = PBXFileReference; lastKnownFileType = sourcecode.swift; path = SettingHandler.swift; sourceTree = "<group>"; };
		31CE56EA244A149B00A52A7B /* Audio.swift */ = {isa = PBXFileReference; lastKnownFileType = sourcecode.swift; path = Audio.swift; sourceTree = "<group>"; };
		31F9AEDC24A7F2D90026EBDA /* AccessibilityUIAutomation.swift */ = {isa = PBXFileReference; lastKnownFileType = sourcecode.swift; path = AccessibilityUIAutomation.swift; sourceTree = "<group>"; };
		31F9AEE224A7F7EA0026EBDA /* VoiceOverUIAutomations.swift */ = {isa = PBXFileReference; lastKnownFileType = sourcecode.swift; path = VoiceOverUIAutomations.swift; sourceTree = "<group>"; };
		31F9AEE424A803B90026EBDA /* ZoomUIAutomations.swift */ = {isa = PBXFileReference; lastKnownFileType = sourcecode.swift; path = ZoomUIAutomations.swift; sourceTree = "<group>"; };
		31F9AEEB24AA54BF0026EBDA /* PopUpButtonElement.swift */ = {isa = PBXFileReference; lastKnownFileType = sourcecode.swift; path = PopUpButtonElement.swift; sourceTree = "<group>"; };
		31F9AEED24AA575B0026EBDA /* SliderElement.swift */ = {isa = PBXFileReference; lastKnownFileType = sourcecode.swift; path = SliderElement.swift; sourceTree = "<group>"; };
		9D0AF77224A460A9007E177E /* CoreBrightness.framework */ = {isa = PBXFileReference; lastKnownFileType = wrapper.framework; name = CoreBrightness.framework; path = Platforms/MacOSX.platform/Developer/SDKs/MacOSX.sdk/System/Library/PrivateFrameworks/CoreBrightness.framework; sourceTree = DEVELOPER_DIR; };
		9D0AF77524A4613D007E177E /* CBBlueLightClient.h */ = {isa = PBXFileReference; lastKnownFileType = sourcecode.c.h; path = CBBlueLightClient.h; sourceTree = "<group>"; };
		9D0AF77624A4616E007E177E /* MorphicNightShift.swift */ = {isa = PBXFileReference; lastKnownFileType = sourcecode.swift; path = MorphicNightShift.swift; sourceTree = "<group>"; };
		9D0AF78924A4F471007E177E /* module.modulemap */ = {isa = PBXFileReference; lastKnownFileType = "sourcecode.module-map"; path = module.modulemap; sourceTree = "<group>"; };
		9D38C4C42528F0810064FB74 /* SkyLight.h */ = {isa = PBXFileReference; lastKnownFileType = sourcecode.c.h; path = SkyLight.h; sourceTree = "<group>"; };
		9D38C4C82528F0D70064FB74 /* SkyLight.framework */ = {isa = PBXFileReference; lastKnownFileType = wrapper.framework; name = SkyLight.framework; path = Platforms/MacOSX.platform/Developer/SDKs/MacOSX.sdk/System/Library/PrivateFrameworks/SkyLight.framework; sourceTree = DEVELOPER_DIR; };
		9D38C4CE2528F11A0064FB74 /* MorphicDisplayAppearance.swift */ = {isa = PBXFileReference; lastKnownFileType = sourcecode.swift; path = MorphicDisplayAppearance.swift; sourceTree = "<group>"; };
		9D38C4E3252A2D270064FB74 /* MorphicDisplayAccessibilitySettings.swift */ = {isa = PBXFileReference; lastKnownFileType = sourcecode.swift; path = MorphicDisplayAccessibilitySettings.swift; sourceTree = "<group>"; };
		9D38C4E6252A2D810064FB74 /* MediaAccessibility.h */ = {isa = PBXFileReference; lastKnownFileType = sourcecode.c.h; path = MediaAccessibility.h; sourceTree = "<group>"; };
		9D38C4EB252A33AD0064FB74 /* MediaAccessibility.framework */ = {isa = PBXFileReference; lastKnownFileType = wrapper.framework; name = MediaAccessibility.framework; path = Platforms/MacOSX.platform/Developer/SDKs/MacOSX.sdk/System/Library/Frameworks/MediaAccessibility.framework; sourceTree = DEVELOPER_DIR; };
		9D38C4EE252A37AB0064FB74 /* UniversalAccess.h */ = {isa = PBXFileReference; lastKnownFileType = sourcecode.c.h; path = UniversalAccess.h; sourceTree = "<group>"; };
		9D38C4F3252A38870064FB74 /* UniversalAccess.framework */ = {isa = PBXFileReference; lastKnownFileType = wrapper.framework; name = UniversalAccess.framework; path = ../../../../../../System/Library/PrivateFrameworks/UniversalAccess.framework; sourceTree = "<group>"; };
		9D3AC8B829AD41F2007D3E8A /* MagnifierZoomSettings.swift */ = {isa = PBXFileReference; lastKnownFileType = sourcecode.swift; path = MagnifierZoomSettings.swift; sourceTree = "<group>"; };
		9D3AC8C129AE9EA8007D3E8A /* AccessibilityDisplaySettings.swift */ = {isa = PBXFileReference; lastKnownFileType = sourcecode.swift; path = AccessibilityDisplaySettings.swift; sourceTree = "<group>"; };
		9D3AC8C329AE9F34007D3E8A /* UserDefaultsUtils.swift */ = {isa = PBXFileReference; lastKnownFileType = sourcecode.swift; path = UserDefaultsUtils.swift; sourceTree = "<group>"; };
		9D4B24BE25143D0000F0B2E2 /* GeneralUIAutomations.swift */ = {isa = PBXFileReference; lastKnownFileType = sourcecode.swift; path = GeneralUIAutomations.swift; sourceTree = "<group>"; };
		9D4B24C125143F8700F0B2E2 /* GeneralPreferencesElement.swift */ = {isa = PBXFileReference; lastKnownFileType = sourcecode.swift; path = GeneralPreferencesElement.swift; sourceTree = "<group>"; };
		9D4DF00B29B5471D0033FD1F /* UIAutomationSetSettingProxy.swift */ = {isa = PBXFileReference; fileEncoding = 4; lastKnownFileType = sourcecode.swift; path = UIAutomationSetSettingProxy.swift; sourceTree = "<group>"; };
		9D5EC22B24927EFD00AC77B5 /* MorphicPropertyList.swift */ = {isa = PBXFileReference; lastKnownFileType = sourcecode.swift; path = MorphicPropertyList.swift; sourceTree = "<group>"; };
		9D6264152832B32900CB4224 /* MorphicNetworkInterface.swift */ = {isa = PBXFileReference; lastKnownFileType = sourcecode.swift; path = MorphicNetworkInterface.swift; sourceTree = "<group>"; };
		9D68EA502797273200AC3A88 /* MorphicMouse.swift */ = {isa = PBXFileReference; lastKnownFileType = sourcecode.swift; path = MorphicMouse.swift; sourceTree = "<group>"; };
		9D6916212911B835002F3A21 /* MorphicMacOSNative.framework */ = {isa = PBXFileReference; explicitFileType = wrapper.framework; path = MorphicMacOSNative.framework; sourceTree = BUILT_PRODUCTS_DIR; };
		9DC4FDE42536030F0051BB23 /* ApplicationServices.h */ = {isa = PBXFileReference; lastKnownFileType = sourcecode.c.h; path = ApplicationServices.h; sourceTree = "<group>"; };
		9DD22FB924DCB8B800C2FA52 /* SpeechUIAutomations.swift */ = {isa = PBXFileReference; lastKnownFileType = sourcecode.swift; path = SpeechUIAutomations.swift; sourceTree = "<group>"; };
		9DD4F4832517ACCD00ADCC25 /* MousePreferencesElement.swift */ = {isa = PBXFileReference; lastKnownFileType = sourcecode.swift; path = MousePreferencesElement.swift; sourceTree = "<group>"; };
		9DD4F48D2517ACDE00ADCC25 /* MouseUIAutomations.swift */ = {isa = PBXFileReference; lastKnownFileType = sourcecode.swift; path = MouseUIAutomations.swift; sourceTree = "<group>"; };
		9DD4F4992517AF1600ADCC25 /* KeyboardPreferencesElement.swift */ = {isa = PBXFileReference; lastKnownFileType = sourcecode.swift; path = KeyboardPreferencesElement.swift; sourceTree = "<group>"; };
		9DD4F49C2517AF2A00ADCC25 /* KeyboardUIAutomations.swift */ = {isa = PBXFileReference; lastKnownFileType = sourcecode.swift; path = KeyboardUIAutomations.swift; sourceTree = "<group>"; };
		9DD4F4A02517B06200ADCC25 /* LanguageAndRegionUIAutomations.swift */ = {isa = PBXFileReference; lastKnownFileType = sourcecode.swift; path = LanguageAndRegionUIAutomations.swift; sourceTree = "<group>"; };
		9DD4F4A32517B0F200ADCC25 /* LanguageAndRegionPreferencesElement.swift */ = {isa = PBXFileReference; lastKnownFileType = sourcecode.swift; path = LanguageAndRegionPreferencesElement.swift; sourceTree = "<group>"; };
		9DE45B952517114100209421 /* DisplaysUIAutomation.swift */ = {isa = PBXFileReference; lastKnownFileType = sourcecode.swift; path = DisplaysUIAutomation.swift; sourceTree = "<group>"; };
		9DE45B9E251712EB00209421 /* DisplaysPreferencesElement.swift */ = {isa = PBXFileReference; lastKnownFileType = sourcecode.swift; path = DisplaysPreferencesElement.swift; sourceTree = "<group>"; };
/* End PBXFileReference section */

/* Begin PBXFrameworksBuildPhase section */
		31A0A5742405967600166668 /* Frameworks */ = {
			isa = PBXFrameworksBuildPhase;
			buildActionMask = 2147483647;
			files = (
				9D38C4EC252A33AD0064FB74 /* MediaAccessibility.framework in Frameworks */,
				9D0AF77324A460A9007E177E /* CoreBrightness.framework in Frameworks */,
				9DC0D42A25E6587500E17D9E /* MorphicCore.framework in Frameworks */,
				9D38C4F4252A38870064FB74 /* UniversalAccess.framework in Frameworks */,
				9D6916222911B835002F3A21 /* MorphicMacOSNative.framework in Frameworks */,
				9D38C4C92528F0D70064FB74 /* SkyLight.framework in Frameworks */,
			);
			runOnlyForDeploymentPostprocessing = 0;
		};
		31A0A57D2405967600166668 /* Frameworks */ = {
			isa = PBXFrameworksBuildPhase;
			buildActionMask = 2147483647;
			files = (
				31A0A5812405967600166668 /* MorphicSettings.framework in Frameworks */,
			);
			runOnlyForDeploymentPostprocessing = 0;
		};
/* End PBXFrameworksBuildPhase section */

/* Begin PBXGroup section */
		311336522427FB3400686AF6 /* Frameworks */ = {
			isa = PBXGroup;
			children = (
				9D6916212911B835002F3A21 /* MorphicMacOSNative.framework */,
				9D38C4F3252A38870064FB74 /* UniversalAccess.framework */,
				9D38C4EB252A33AD0064FB74 /* MediaAccessibility.framework */,
				9D38C4C82528F0D70064FB74 /* SkyLight.framework */,
				9D0AF77224A460A9007E177E /* CoreBrightness.framework */,
				311336532427FB3400686AF6 /* MorphicCore.framework */,
			);
			name = Frameworks;
			sourceTree = "<group>";
		};
		3137AC4524B0FC0D00CE3808 /* Menus */ = {
			isa = PBXGroup;
			children = (
				3137AC4124B0FB9600CE3808 /* MenuElement.swift */,
				3137AC4324B0FBC600CE3808 /* MenuItemElement.swift */,
			);
			path = Menus;
			sourceTree = "<group>";
		};
		314EB6DC24A6A65F00CF3D48 /* Automations */ = {
			isa = PBXGroup;
			children = (
				314EB6DD24A6A67700CF3D48 /* LegacyUIAutomation.swift */,
				31F9AEDC24A7F2D90026EBDA /* AccessibilityUIAutomation.swift */,
				314EB6DF24A6A69B00CF3D48 /* DisplayUIAutomations.swift */,
				9DE45B952517114100209421 /* DisplaysUIAutomation.swift */,
				9D4B24BE25143D0000F0B2E2 /* GeneralUIAutomations.swift */,
				9DD4F49C2517AF2A00ADCC25 /* KeyboardUIAutomations.swift */,
				9DD4F4A02517B06200ADCC25 /* LanguageAndRegionUIAutomations.swift */,
				9DD4F48D2517ACDE00ADCC25 /* MouseUIAutomations.swift */,
				9DD22FB924DCB8B800C2FA52 /* SpeechUIAutomations.swift */,
				31F9AEE224A7F7EA0026EBDA /* VoiceOverUIAutomations.swift */,
				31F9AEE424A803B90026EBDA /* ZoomUIAutomations.swift */,
			);
			path = Automations;
			sourceTree = "<group>";
		};
		315EECA024A5839F0039C61D /* Tables */ = {
			isa = PBXGroup;
			children = (
				315EEC9A24A573A80039C61D /* TableElement.swift */,
				315EEC9824A5714F0039C61D /* RowElement.swift */,
				315EEC9E24A576A50039C61D /* CellElement.swift */,
			);
			path = Tables;
			sourceTree = "<group>";
		};
		315EECA124A583AE0039C61D /* Controls */ = {
			isa = PBXGroup;
			children = (
				315EEC8624A536A60039C61D /* TabGroupElement.swift */,
				314EB6E124A6B34300CF3D48 /* TabElement.swift */,
				315EEC8824A536FB0039C61D /* CheckboxElement.swift */,
				315EEC9424A554580039C61D /* ButtonElement.swift */,
				315EEC9C24A576180039C61D /* LabelElement.swift */,
				31F9AEEB24AA54BF0026EBDA /* PopUpButtonElement.swift */,
				31F9AEED24AA575B0026EBDA /* SliderElement.swift */,
			);
			path = Controls;
			sourceTree = "<group>";
		};
		315EECA224A583B80039C61D /* Windows */ = {
			isa = PBXGroup;
			children = (
				315EEC9024A547B70039C61D /* WindowElement.swift */,
				315EEC8A24A546AE0039C61D /* ToolbarElement.swift */,
			);
			path = Windows;
			sourceTree = "<group>";
		};
		315EECA324A583C00039C61D /* SystemPrefs */ = {
			isa = PBXGroup;
			children = (
				315EEC9224A5520F0039C61D /* SystemPreferencesElement.swift */,
				315EEC9624A56DF20039C61D /* AccessibilityPreferencesElement.swift */,
				9DE45B9E251712EB00209421 /* DisplaysPreferencesElement.swift */,
				9D4B24C125143F8700F0B2E2 /* GeneralPreferencesElement.swift */,
				9DD4F4992517AF1600ADCC25 /* KeyboardPreferencesElement.swift */,
				9DD4F4A32517B0F200ADCC25 /* LanguageAndRegionPreferencesElement.swift */,
				9DD4F4832517ACCD00ADCC25 /* MousePreferencesElement.swift */,
			);
			path = SystemPrefs;
			sourceTree = "<group>";
		};
		31A0A56D2405967600166668 = {
			isa = PBXGroup;
			children = (
				31A0A5792405967600166668 /* MorphicSettings */,
				31A0A5842405967600166668 /* MorphicSettingsTests */,
				31A0A5782405967600166668 /* Products */,
				311336522427FB3400686AF6 /* Frameworks */,
			);
			sourceTree = "<group>";
		};
		31A0A5782405967600166668 /* Products */ = {
			isa = PBXGroup;
			children = (
				31A0A5772405967600166668 /* MorphicSettings.framework */,
				31A0A5802405967600166668 /* MorphicSettingsTests.xctest */,
			);
			name = Products;
			sourceTree = "<group>";
		};
		31A0A5792405967600166668 /* MorphicSettings */ = {
			isa = PBXGroup;
			children = (
				9D3AC8C029AE9E8D007D3E8A /* AccessibilityDisplay */,
				9D0AF73524A0FB49007E177E /* AccessibilityUI */,
				314EB6DC24A6A65F00CF3D48 /* Automations */,
				31A16BC72423E86C0081A72C /* Audio */,
				31A16BC32423E86C0081A72C /* Disk */,
				31A16BC52423E86C0081A72C /* Display */,
				31A16BBF2423E86B0081A72C /* Input */,
				31A16BC12423E86C0081A72C /* Language */,
				9D3AC8B729AD41D3007D3E8A /* Magnifier */,
				9D68EA4F2797271F00AC3A88 /* Mouse */,
				9D6264142832B2F500CB4224 /* Networking */,
				31A16BBC2423E86B0081A72C /* Process */,
				9D5EC22A24927EE200AC77B5 /* PropertyList */,
				31A16BC92423E86C0081A72C /* Window */,
				31A0A57A2405967600166668 /* MorphicSettings.h */,
				31A0A57B2405967600166668 /* Info.plist */,
				312DBFEF24A27BCF002FB951 /* Solution.swift */,
				312973EE24A275D7000F5ED1 /* Setting.swift */,
				3113364C2427F01100686AF6 /* SettingsManager.swift */,
				31CE56E12448C8F700A52A7B /* SettingHandler.swift */,
				312DBFF824A2B200002FB951 /* ClientSettingHandler.swift */,
				312DBFF224A28556002FB951 /* DefaultsReadUIWriteSettingHandler.swift */,
				312DBFF624A28AFD002FB951 /* SettingFinalizer.swift */,
				312DBFFC24A2C683002FB951 /* CaptureSession.swift */,
				312DBFFA24A2C66A002FB951 /* ApplySession.swift */,
				311336502427F33600686AF6 /* Display.swift */,
				31CE56EA244A149B00A52A7B /* Audio.swift */,
				9D0AF78924A4F471007E177E /* module.modulemap */,
				315EEC8224A530970039C61D /* SystemPreferences.swift */,
				9D4DF00B29B5471D0033FD1F /* UIAutomationSetSettingProxy.swift */,
				9D3AC8C329AE9F34007D3E8A /* UserDefaultsUtils.swift */,
			);
			path = MorphicSettings;
			sourceTree = "<group>";
		};
		31A0A5842405967600166668 /* MorphicSettingsTests */ = {
			isa = PBXGroup;
			children = (
				31A0A5852405967600166668 /* MorphicSettingsTests.swift */,
				31A0A5872405967600166668 /* Info.plist */,
			);
			path = MorphicSettingsTests;
			sourceTree = "<group>";
		};
		31A16BBC2423E86B0081A72C /* Process */ = {
			isa = PBXGroup;
			children = (
				31A16BBD2423E86B0081A72C /* MorphicLaunchDaemonsAndAgents.swift */,
			);
			path = Process;
			sourceTree = "<group>";
		};
		31A16BBF2423E86B0081A72C /* Input */ = {
			isa = PBXGroup;
			children = (
				31A16BC02423E86B0081A72C /* MorphicInput.swift */,
			);
			path = Input;
			sourceTree = "<group>";
		};
		31A16BC12423E86C0081A72C /* Language */ = {
			isa = PBXGroup;
			children = (
				31A16BC22423E86C0081A72C /* MorphicLanguage.swift */,
			);
			path = Language;
			sourceTree = "<group>";
		};
		31A16BC32423E86C0081A72C /* Disk */ = {
			isa = PBXGroup;
			children = (
				31A16BC42423E86C0081A72C /* MorphicDisk.swift */,
			);
			path = Disk;
			sourceTree = "<group>";
		};
		31A16BC52423E86C0081A72C /* Display */ = {
			isa = PBXGroup;
			children = (
				9D0AF77424A46131007E177E /* include */,
				9D38C4E3252A2D270064FB74 /* MorphicDisplayAccessibilitySettings.swift */,
				31A16BC62423E86C0081A72C /* MorphicDisplay.swift */,
				9D38C4CE2528F11A0064FB74 /* MorphicDisplayAppearance.swift */,
				9D0AF77624A4616E007E177E /* MorphicNightShift.swift */,
			);
			path = Display;
			sourceTree = "<group>";
		};
		31A16BC72423E86C0081A72C /* Audio */ = {
			isa = PBXGroup;
			children = (
				31A16BC82423E86C0081A72C /* MorphicAudio.swift */,
			);
			path = Audio;
			sourceTree = "<group>";
		};
		31A16BC92423E86C0081A72C /* Window */ = {
			isa = PBXGroup;
			children = (
				31A16BCA2423E86C0081A72C /* MorphicWindow.swift */,
			);
			path = Window;
			sourceTree = "<group>";
		};
		9D0AF73524A0FB49007E177E /* AccessibilityUI */ = {
			isa = PBXGroup;
			children = (
				315EEC8424A536290039C61D /* UIElement.swift */,
				315EECA424A5890B0039C61D /* WorkspaceElement.swift */,
				315EEC8E24A5477E0039C61D /* ApplicationElement.swift */,
				315EECA224A583B80039C61D /* Windows */,
				315EECA124A583AE0039C61D /* Controls */,
				3137AC4524B0FC0D00CE3808 /* Menus */,
				315EECA024A5839F0039C61D /* Tables */,
				315EECA324A583C00039C61D /* SystemPrefs */,
			);
			path = AccessibilityUI;
			sourceTree = "<group>";
		};
		9D0AF77424A46131007E177E /* include */ = {
			isa = PBXGroup;
			children = (
				9DC4FDE42536030F0051BB23 /* ApplicationServices.h */,
				9D0AF77524A4613D007E177E /* CBBlueLightClient.h */,
				9D38C4E6252A2D810064FB74 /* MediaAccessibility.h */,
				9D38C4C42528F0810064FB74 /* SkyLight.h */,
				9D38C4EE252A37AB0064FB74 /* UniversalAccess.h */,
			);
			path = include;
			sourceTree = "<group>";
		};
		9D3AC8B729AD41D3007D3E8A /* Magnifier */ = {
			isa = PBXGroup;
			children = (
				9D3AC8B829AD41F2007D3E8A /* MagnifierZoomSettings.swift */,
			);
			path = Magnifier;
			sourceTree = "<group>";
		};
		9D3AC8C029AE9E8D007D3E8A /* AccessibilityDisplay */ = {
			isa = PBXGroup;
			children = (
				9D3AC8C129AE9EA8007D3E8A /* AccessibilityDisplaySettings.swift */,
			);
			path = AccessibilityDisplay;
			sourceTree = "<group>";
		};
		9D5EC22A24927EE200AC77B5 /* PropertyList */ = {
			isa = PBXGroup;
			children = (
				9D5EC22B24927EFD00AC77B5 /* MorphicPropertyList.swift */,
			);
			path = PropertyList;
			sourceTree = "<group>";
		};
		9D6264142832B2F500CB4224 /* Networking */ = {
			isa = PBXGroup;
			children = (
				9D6264152832B32900CB4224 /* MorphicNetworkInterface.swift */,
			);
			path = Networking;
			sourceTree = "<group>";
		};
		9D68EA4F2797271F00AC3A88 /* Mouse */ = {
			isa = PBXGroup;
			children = (
				9D68EA502797273200AC3A88 /* MorphicMouse.swift */,
			);
			path = Mouse;
			sourceTree = "<group>";
		};
/* End PBXGroup section */

/* Begin PBXHeadersBuildPhase section */
		31A0A5722405967600166668 /* Headers */ = {
			isa = PBXHeadersBuildPhase;
			buildActionMask = 2147483647;
			files = (
				9D38C4E7252A2D810064FB74 /* MediaAccessibility.h in Headers */,
				9D38C4F0252A386B0064FB74 /* UniversalAccess.h in Headers */,
				31A0A5882405967600166668 /* MorphicSettings.h in Headers */,
				9DC4FDE5253603AD0051BB23 /* ApplicationServices.h in Headers */,
				9D59F47E24A6B3040004C35B /* CBBlueLightClient.h in Headers */,
				9D38C4C52528F09B0064FB74 /* SkyLight.h in Headers */,
			);
			runOnlyForDeploymentPostprocessing = 0;
		};
/* End PBXHeadersBuildPhase section */

/* Begin PBXNativeTarget section */
		31A0A5762405967600166668 /* MorphicSettings */ = {
			isa = PBXNativeTarget;
			buildConfigurationList = 31A0A58B2405967600166668 /* Build configuration list for PBXNativeTarget "MorphicSettings" */;
			buildPhases = (
				31A0A5722405967600166668 /* Headers */,
				31A0A5732405967600166668 /* Sources */,
				31A0A5742405967600166668 /* Frameworks */,
				31A0A5752405967600166668 /* Resources */,
				311336562427FB3500686AF6 /* Embed Frameworks */,
			);
			buildRules = (
			);
			dependencies = (
			);
			name = MorphicSettings;
			productName = MorphicSettings;
			productReference = 31A0A5772405967600166668 /* MorphicSettings.framework */;
			productType = "com.apple.product-type.framework";
		};
		31A0A57F2405967600166668 /* MorphicSettingsTests */ = {
			isa = PBXNativeTarget;
			buildConfigurationList = 31A0A58E2405967600166668 /* Build configuration list for PBXNativeTarget "MorphicSettingsTests" */;
			buildPhases = (
				31A0A57C2405967600166668 /* Sources */,
				31A0A57D2405967600166668 /* Frameworks */,
				31A0A57E2405967600166668 /* Resources */,
			);
			buildRules = (
			);
			dependencies = (
				31A0A5832405967600166668 /* PBXTargetDependency */,
			);
			name = MorphicSettingsTests;
			productName = MorphicSettingsTests;
			productReference = 31A0A5802405967600166668 /* MorphicSettingsTests.xctest */;
			productType = "com.apple.product-type.bundle.unit-test";
		};
/* End PBXNativeTarget section */

/* Begin PBXProject section */
		31A0A56E2405967600166668 /* Project object */ = {
			isa = PBXProject;
			attributes = {
				LastSwiftUpdateCheck = 1130;
				LastUpgradeCheck = 1130;
				ORGANIZATIONNAME = "Raising the Floor";
				TargetAttributes = {
					31A0A5762405967600166668 = {
						CreatedOnToolsVersion = 11.3.1;
						LastSwiftMigration = 1150;
					};
					31A0A57F2405967600166668 = {
						CreatedOnToolsVersion = 11.3.1;
					};
				};
			};
			buildConfigurationList = 31A0A5712405967600166668 /* Build configuration list for PBXProject "MorphicSettings" */;
			compatibilityVersion = "Xcode 9.3";
			developmentRegion = en;
			hasScannedForEncodings = 0;
			knownRegions = (
				en,
				Base,
			);
			mainGroup = 31A0A56D2405967600166668;
			productRefGroup = 31A0A5782405967600166668 /* Products */;
			projectDirPath = "";
			projectRoot = "";
			targets = (
				31A0A5762405967600166668 /* MorphicSettings */,
				31A0A57F2405967600166668 /* MorphicSettingsTests */,
			);
		};
/* End PBXProject section */

/* Begin PBXResourcesBuildPhase section */
		31A0A5752405967600166668 /* Resources */ = {
			isa = PBXResourcesBuildPhase;
			buildActionMask = 2147483647;
			files = (
			);
			runOnlyForDeploymentPostprocessing = 0;
		};
		31A0A57E2405967600166668 /* Resources */ = {
			isa = PBXResourcesBuildPhase;
			buildActionMask = 2147483647;
			files = (
			);
			runOnlyForDeploymentPostprocessing = 0;
		};
/* End PBXResourcesBuildPhase section */

/* Begin PBXSourcesBuildPhase section */
		31A0A5732405967600166668 /* Sources */ = {
			isa = PBXSourcesBuildPhase;
			buildActionMask = 2147483647;
			files = (
				9D4B24C225143F8700F0B2E2 /* GeneralPreferencesElement.swift in Sources */,
				31F9AEEE24AA575B0026EBDA /* SliderElement.swift in Sources */,
				9D3AC8C229AE9EA8007D3E8A /* AccessibilityDisplaySettings.swift in Sources */,
				31CE56EB244A149B00A52A7B /* Audio.swift in Sources */,
				9D38C4E4252A2D270064FB74 /* MorphicDisplayAccessibilitySettings.swift in Sources */,
				9D6264162832B32900CB4224 /* MorphicNetworkInterface.swift in Sources */,
				315EEC9F24A576A50039C61D /* CellElement.swift in Sources */,
				31A16BD22423E86C0081A72C /* MorphicWindow.swift in Sources */,
				31A16BD12423E86C0081A72C /* MorphicAudio.swift in Sources */,
				315EEC9724A56DF20039C61D /* AccessibilityPreferencesElement.swift in Sources */,
				312DBFFD24A2C683002FB951 /* CaptureSession.swift in Sources */,
				9D0AF77724A4616E007E177E /* MorphicNightShift.swift in Sources */,
				315EEC9124A547B70039C61D /* WindowElement.swift in Sources */,
				312973EF24A275D7000F5ED1 /* Setting.swift in Sources */,
				9D3AC8C429AE9F34007D3E8A /* UserDefaultsUtils.swift in Sources */,
				9D3AC8B929AD41F2007D3E8A /* MagnifierZoomSettings.swift in Sources */,
				31F9AEEC24AA54BF0026EBDA /* PopUpButtonElement.swift in Sources */,
				31F9AEE524A803B90026EBDA /* ZoomUIAutomations.swift in Sources */,
				9DD4F4A42517B0F200ADCC25 /* LanguageAndRegionPreferencesElement.swift in Sources */,
				312DBFF024A27BCF002FB951 /* Solution.swift in Sources */,
				31A16BCB2423E86C0081A72C /* MorphicLaunchDaemonsAndAgents.swift in Sources */,
				314EB6E224A6B34300CF3D48 /* TabElement.swift in Sources */,
				31F9AEE324A7F7EA0026EBDA /* VoiceOverUIAutomations.swift in Sources */,
				315EEC8924A536FB0039C61D /* CheckboxElement.swift in Sources */,
				311336512427F33600686AF6 /* Display.swift in Sources */,
				315EEC9B24A573A80039C61D /* TableElement.swift in Sources */,
				315EEC8524A536290039C61D /* UIElement.swift in Sources */,
				9DD4F49D2517AF2A00ADCC25 /* KeyboardUIAutomations.swift in Sources */,
				312DBFF924A2B200002FB951 /* ClientSettingHandler.swift in Sources */,
				9D5EC22C24927EFD00AC77B5 /* MorphicPropertyList.swift in Sources */,
				315EEC8F24A5477E0039C61D /* ApplicationElement.swift in Sources */,
				312DBFF724A28AFD002FB951 /* SettingFinalizer.swift in Sources */,
				9DD4F4A12517B06200ADCC25 /* LanguageAndRegionUIAutomations.swift in Sources */,
				31A16BD02423E86C0081A72C /* MorphicDisplay.swift in Sources */,
				315EEC8B24A546AE0039C61D /* ToolbarElement.swift in Sources */,
				9D68EA512797273200AC3A88 /* MorphicMouse.swift in Sources */,
				315EEC9524A554580039C61D /* ButtonElement.swift in Sources */,
				9DD4F48E2517ACDE00ADCC25 /* MouseUIAutomations.swift in Sources */,
				31F9AEDD24A7F2D90026EBDA /* AccessibilityUIAutomation.swift in Sources */,
				9D38C4CF2528F11A0064FB74 /* MorphicDisplayAppearance.swift in Sources */,
				3137AC4424B0FBC600CE3808 /* MenuItemElement.swift in Sources */,
				315EEC8324A530970039C61D /* SystemPreferences.swift in Sources */,
				31A16BCF2423E86C0081A72C /* MorphicDisk.swift in Sources */,
				3113364D2427F01100686AF6 /* SettingsManager.swift in Sources */,
				31A16BCD2423E86C0081A72C /* MorphicInput.swift in Sources */,
				9DD4F4842517ACCD00ADCC25 /* MousePreferencesElement.swift in Sources */,
				9DD4F49A2517AF1600ADCC25 /* KeyboardPreferencesElement.swift in Sources */,
				9D4B24BF25143D0000F0B2E2 /* GeneralUIAutomations.swift in Sources */,
				31CE56E22448C8F700A52A7B /* SettingHandler.swift in Sources */,
				315EEC8724A536A60039C61D /* TabGroupElement.swift in Sources */,
				9DD22FBA24DCB8B800C2FA52 /* SpeechUIAutomations.swift in Sources */,
				9DE45B962517114100209421 /* DisplaysUIAutomation.swift in Sources */,
				3137AC4224B0FB9600CE3808 /* MenuElement.swift in Sources */,
				9D4DF00C29B5471D0033FD1F /* UIAutomationSetSettingProxy.swift in Sources */,
				315EEC9924A5714F0039C61D /* RowElement.swift in Sources */,
				314EB6E024A6A69B00CF3D48 /* DisplayUIAutomations.swift in Sources */,
				315EEC9324A5520F0039C61D /* SystemPreferencesElement.swift in Sources */,
				315EECA524A5890B0039C61D /* WorkspaceElement.swift in Sources */,
				315EEC9D24A576180039C61D /* LabelElement.swift in Sources */,
				31A16BCE2423E86C0081A72C /* MorphicLanguage.swift in Sources */,
				312DBFFB24A2C66A002FB951 /* ApplySession.swift in Sources */,
				314EB6DE24A6A67700CF3D48 /* LegacyUIAutomation.swift in Sources */,
				9DE45B9F251712EB00209421 /* DisplaysPreferencesElement.swift in Sources */,
				312DBFF324A28556002FB951 /* DefaultsReadUIWriteSettingHandler.swift in Sources */,
			);
			runOnlyForDeploymentPostprocessing = 0;
		};
		31A0A57C2405967600166668 /* Sources */ = {
			isa = PBXSourcesBuildPhase;
			buildActionMask = 2147483647;
			files = (
				31A0A5862405967600166668 /* MorphicSettingsTests.swift in Sources */,
			);
			runOnlyForDeploymentPostprocessing = 0;
		};
/* End PBXSourcesBuildPhase section */

/* Begin PBXTargetDependency section */
		31A0A5832405967600166668 /* PBXTargetDependency */ = {
			isa = PBXTargetDependency;
			target = 31A0A5762405967600166668 /* MorphicSettings */;
			targetProxy = 31A0A5822405967600166668 /* PBXContainerItemProxy */;
		};
/* End PBXTargetDependency section */

/* Begin XCBuildConfiguration section */
		31A0A5892405967600166668 /* Debug */ = {
			isa = XCBuildConfiguration;
			buildSettings = {
				ALWAYS_SEARCH_USER_PATHS = NO;
				CLANG_ANALYZER_NONNULL = YES;
				CLANG_ANALYZER_NUMBER_OBJECT_CONVERSION = YES_AGGRESSIVE;
				CLANG_CXX_LANGUAGE_STANDARD = "gnu++14";
				CLANG_CXX_LIBRARY = "libc++";
				CLANG_ENABLE_MODULES = YES;
				CLANG_ENABLE_OBJC_ARC = YES;
				CLANG_ENABLE_OBJC_WEAK = YES;
				CLANG_WARN_BLOCK_CAPTURE_AUTORELEASING = YES;
				CLANG_WARN_BOOL_CONVERSION = YES;
				CLANG_WARN_COMMA = YES;
				CLANG_WARN_CONSTANT_CONVERSION = YES;
				CLANG_WARN_DEPRECATED_OBJC_IMPLEMENTATIONS = YES;
				CLANG_WARN_DIRECT_OBJC_ISA_USAGE = YES_ERROR;
				CLANG_WARN_DOCUMENTATION_COMMENTS = YES;
				CLANG_WARN_EMPTY_BODY = YES;
				CLANG_WARN_ENUM_CONVERSION = YES;
				CLANG_WARN_INFINITE_RECURSION = YES;
				CLANG_WARN_INT_CONVERSION = YES;
				CLANG_WARN_NON_LITERAL_NULL_CONVERSION = YES;
				CLANG_WARN_OBJC_IMPLICIT_RETAIN_SELF = YES;
				CLANG_WARN_OBJC_LITERAL_CONVERSION = YES;
				CLANG_WARN_OBJC_ROOT_CLASS = YES_ERROR;
				CLANG_WARN_RANGE_LOOP_ANALYSIS = YES;
				CLANG_WARN_STRICT_PROTOTYPES = YES;
				CLANG_WARN_SUSPICIOUS_MOVE = YES;
				CLANG_WARN_UNGUARDED_AVAILABILITY = YES_AGGRESSIVE;
				CLANG_WARN_UNREACHABLE_CODE = YES;
				CLANG_WARN__DUPLICATE_METHOD_MATCH = YES;
				COPY_PHASE_STRIP = NO;
				CURRENT_PROJECT_VERSION = 1;
				DEBUG_INFORMATION_FORMAT = dwarf;
				ENABLE_STRICT_OBJC_MSGSEND = YES;
				ENABLE_TESTABILITY = YES;
				GCC_C_LANGUAGE_STANDARD = gnu11;
				GCC_DYNAMIC_NO_PIC = NO;
				GCC_NO_COMMON_BLOCKS = YES;
				GCC_OPTIMIZATION_LEVEL = 0;
				GCC_PREPROCESSOR_DEFINITIONS = (
					"DEBUG=1",
					"$(inherited)",
				);
				GCC_WARN_64_TO_32_BIT_CONVERSION = YES;
				GCC_WARN_ABOUT_RETURN_TYPE = YES_ERROR;
				GCC_WARN_UNDECLARED_SELECTOR = YES;
				GCC_WARN_UNINITIALIZED_AUTOS = YES_AGGRESSIVE;
				GCC_WARN_UNUSED_FUNCTION = YES;
				GCC_WARN_UNUSED_VARIABLE = YES;
				MACOSX_DEPLOYMENT_TARGET = 13.0;
				MTL_ENABLE_DEBUG_INFO = INCLUDE_SOURCE;
				MTL_FAST_MATH = YES;
				ONLY_ACTIVE_ARCH = YES;
				SDKROOT = macosx;
				SWIFT_ACTIVE_COMPILATION_CONDITIONS = DEBUG;
				SWIFT_OPTIMIZATION_LEVEL = "-Onone";
				VERSIONING_SYSTEM = "apple-generic";
				VERSION_INFO_PREFIX = "";
			};
			name = Debug;
		};
		31A0A58A2405967600166668 /* Release */ = {
			isa = XCBuildConfiguration;
			buildSettings = {
				ALWAYS_SEARCH_USER_PATHS = NO;
				CLANG_ANALYZER_NONNULL = YES;
				CLANG_ANALYZER_NUMBER_OBJECT_CONVERSION = YES_AGGRESSIVE;
				CLANG_CXX_LANGUAGE_STANDARD = "gnu++14";
				CLANG_CXX_LIBRARY = "libc++";
				CLANG_ENABLE_MODULES = YES;
				CLANG_ENABLE_OBJC_ARC = YES;
				CLANG_ENABLE_OBJC_WEAK = YES;
				CLANG_WARN_BLOCK_CAPTURE_AUTORELEASING = YES;
				CLANG_WARN_BOOL_CONVERSION = YES;
				CLANG_WARN_COMMA = YES;
				CLANG_WARN_CONSTANT_CONVERSION = YES;
				CLANG_WARN_DEPRECATED_OBJC_IMPLEMENTATIONS = YES;
				CLANG_WARN_DIRECT_OBJC_ISA_USAGE = YES_ERROR;
				CLANG_WARN_DOCUMENTATION_COMMENTS = YES;
				CLANG_WARN_EMPTY_BODY = YES;
				CLANG_WARN_ENUM_CONVERSION = YES;
				CLANG_WARN_INFINITE_RECURSION = YES;
				CLANG_WARN_INT_CONVERSION = YES;
				CLANG_WARN_NON_LITERAL_NULL_CONVERSION = YES;
				CLANG_WARN_OBJC_IMPLICIT_RETAIN_SELF = YES;
				CLANG_WARN_OBJC_LITERAL_CONVERSION = YES;
				CLANG_WARN_OBJC_ROOT_CLASS = YES_ERROR;
				CLANG_WARN_RANGE_LOOP_ANALYSIS = YES;
				CLANG_WARN_STRICT_PROTOTYPES = YES;
				CLANG_WARN_SUSPICIOUS_MOVE = YES;
				CLANG_WARN_UNGUARDED_AVAILABILITY = YES_AGGRESSIVE;
				CLANG_WARN_UNREACHABLE_CODE = YES;
				CLANG_WARN__DUPLICATE_METHOD_MATCH = YES;
				COPY_PHASE_STRIP = NO;
				CURRENT_PROJECT_VERSION = 1;
				DEBUG_INFORMATION_FORMAT = "dwarf-with-dsym";
				ENABLE_NS_ASSERTIONS = NO;
				ENABLE_STRICT_OBJC_MSGSEND = YES;
				GCC_C_LANGUAGE_STANDARD = gnu11;
				GCC_NO_COMMON_BLOCKS = YES;
				GCC_WARN_64_TO_32_BIT_CONVERSION = YES;
				GCC_WARN_ABOUT_RETURN_TYPE = YES_ERROR;
				GCC_WARN_UNDECLARED_SELECTOR = YES;
				GCC_WARN_UNINITIALIZED_AUTOS = YES_AGGRESSIVE;
				GCC_WARN_UNUSED_FUNCTION = YES;
				GCC_WARN_UNUSED_VARIABLE = YES;
				MACOSX_DEPLOYMENT_TARGET = 13.0;
				MTL_ENABLE_DEBUG_INFO = NO;
				MTL_FAST_MATH = YES;
				SDKROOT = macosx;
				SWIFT_COMPILATION_MODE = wholemodule;
				SWIFT_OPTIMIZATION_LEVEL = "-O";
				VERSIONING_SYSTEM = "apple-generic";
				VERSION_INFO_PREFIX = "";
			};
			name = Release;
		};
		31A0A58C2405967600166668 /* Debug */ = {
			isa = XCBuildConfiguration;
			buildSettings = {
				CLANG_ENABLE_MODULES = YES;
				CODE_SIGN_IDENTITY = "-";
				CODE_SIGN_STYLE = Manual;
				COMBINE_HIDPI_IMAGES = YES;
				DEFINES_MODULE = YES;
				DEVELOPMENT_TEAM = 5AAXYGZ428;
				DYLIB_COMPATIBILITY_VERSION = 1;
				DYLIB_CURRENT_VERSION = 1;
				DYLIB_INSTALL_NAME_BASE = "@rpath";
				FRAMEWORK_SEARCH_PATHS = (
					"$(inherited)",
					"$(SYSTEM_LIBRARY_DIR)/PrivateFrameworks",
					"$(PROJECT_DIR)",
				);
				INFOPLIST_FILE = MorphicSettings/Info.plist;
				INSTALL_PATH = "$(LOCAL_LIBRARY_DIR)/Frameworks";
				LD_RUNPATH_SEARCH_PATHS = (
					"$(inherited)",
					"@executable_path/../Frameworks",
					"@loader_path/Frameworks",
				);
				MACOSX_DEPLOYMENT_TARGET = 13.0;
				MODULEMAP_FILE = MorphicSettings/module.modulemap;
				PRODUCT_BUNDLE_IDENTIFIER = org.raisingthefloor.MorphicSettings;
				PRODUCT_NAME = "$(TARGET_NAME:c99extidentifier)";
				PROVISIONING_PROFILE_SPECIFIER = "";
				SKIP_INSTALL = YES;
				SWIFT_OPTIMIZATION_LEVEL = "-Onone";
				SWIFT_VERSION = 5.0;
			};
			name = Debug;
		};
		31A0A58D2405967600166668 /* Release */ = {
			isa = XCBuildConfiguration;
			buildSettings = {
				CLANG_ENABLE_MODULES = YES;
				CODE_SIGN_IDENTITY = "Developer ID Application";
				CODE_SIGN_STYLE = Manual;
				COMBINE_HIDPI_IMAGES = YES;
				DEFINES_MODULE = YES;
				DEVELOPMENT_TEAM = 5AAXYGZ428;
				DYLIB_COMPATIBILITY_VERSION = 1;
				DYLIB_CURRENT_VERSION = 1;
				DYLIB_INSTALL_NAME_BASE = "@rpath";
				FRAMEWORK_SEARCH_PATHS = (
					"$(inherited)",
					"$(SYSTEM_LIBRARY_DIR)/PrivateFrameworks",
					"$(PROJECT_DIR)",
				);
				INFOPLIST_FILE = MorphicSettings/Info.plist;
				INSTALL_PATH = "$(LOCAL_LIBRARY_DIR)/Frameworks";
				LD_RUNPATH_SEARCH_PATHS = (
					"$(inherited)",
					"@executable_path/../Frameworks",
					"@loader_path/Frameworks",
				);
				MACOSX_DEPLOYMENT_TARGET = 13.0;
				MODULEMAP_FILE = MorphicSettings/module.modulemap;
				PRODUCT_BUNDLE_IDENTIFIER = org.raisingthefloor.MorphicSettings;
				PRODUCT_NAME = "$(TARGET_NAME:c99extidentifier)";
				PROVISIONING_PROFILE_SPECIFIER = "";
				SKIP_INSTALL = YES;
				SWIFT_VERSION = 5.0;
			};
			name = Release;
		};
		31A0A58F2405967600166668 /* Debug */ = {
			isa = XCBuildConfiguration;
			buildSettings = {
				ALWAYS_EMBED_SWIFT_STANDARD_LIBRARIES = YES;
				CODE_SIGN_STYLE = Automatic;
				COMBINE_HIDPI_IMAGES = YES;
				INFOPLIST_FILE = MorphicSettingsTests/Info.plist;
				LD_RUNPATH_SEARCH_PATHS = (
					"$(inherited)",
					"@executable_path/../Frameworks",
					"@loader_path/../Frameworks",
				);
				PRODUCT_BUNDLE_IDENTIFIER = org.raisingthefloor.MorphicSettingsTests;
				PRODUCT_NAME = "$(TARGET_NAME)";
				SWIFT_VERSION = 5.0;
			};
			name = Debug;
		};
		31A0A5902405967600166668 /* Release */ = {
			isa = XCBuildConfiguration;
			buildSettings = {
				ALWAYS_EMBED_SWIFT_STANDARD_LIBRARIES = YES;
				CODE_SIGN_STYLE = Automatic;
				COMBINE_HIDPI_IMAGES = YES;
				INFOPLIST_FILE = MorphicSettingsTests/Info.plist;
				LD_RUNPATH_SEARCH_PATHS = (
					"$(inherited)",
					"@executable_path/../Frameworks",
					"@loader_path/../Frameworks",
				);
				PRODUCT_BUNDLE_IDENTIFIER = org.raisingthefloor.MorphicSettingsTests;
				PRODUCT_NAME = "$(TARGET_NAME)";
				SWIFT_VERSION = 5.0;
			};
			name = Release;
		};
/* End XCBuildConfiguration section */

/* Begin XCConfigurationList section */
		31A0A5712405967600166668 /* Build configuration list for PBXProject "MorphicSettings" */ = {
			isa = XCConfigurationList;
			buildConfigurations = (
				31A0A5892405967600166668 /* Debug */,
				31A0A58A2405967600166668 /* Release */,
			);
			defaultConfigurationIsVisible = 0;
			defaultConfigurationName = Release;
		};
		31A0A58B2405967600166668 /* Build configuration list for PBXNativeTarget "MorphicSettings" */ = {
			isa = XCConfigurationList;
			buildConfigurations = (
				31A0A58C2405967600166668 /* Debug */,
				31A0A58D2405967600166668 /* Release */,
			);
			defaultConfigurationIsVisible = 0;
			defaultConfigurationName = Release;
		};
		31A0A58E2405967600166668 /* Build configuration list for PBXNativeTarget "MorphicSettingsTests" */ = {
			isa = XCConfigurationList;
			buildConfigurations = (
				31A0A58F2405967600166668 /* Debug */,
				31A0A5902405967600166668 /* Release */,
			);
			defaultConfigurationIsVisible = 0;
			defaultConfigurationName = Release;
		};
/* End XCConfigurationList section */
	};
	rootObject = 31A0A56E2405967600166668 /* Project object */;
}
