// !$*UTF8*$!
{
	archiveVersion = 1;
	classes = {
	};
	objectVersion = 56;
	objects = {

/* Begin PBXBuildFile section */
		9D3AC8A929AD1C46007D3E8A /* UIAutomationScriptUtils.swift in Sources */ = {isa = PBXBuildFile; fileRef = 9D3AC8A829AD1C46007D3E8A /* UIAutomationScriptUtils.swift */; };
		9D3AC8AD29AD1E2B007D3E8A /* AccessibilityZoomUIAutomationScript.swift in Sources */ = {isa = PBXBuildFile; fileRef = 9D3AC8AC29AD1E2B007D3E8A /* AccessibilityZoomUIAutomationScript.swift */; };
		9D3AC8AF29AD233C007D3E8A /* CheckboxUIElement.swift in Sources */ = {isa = PBXBuildFile; fileRef = 9D3AC8AE29AD233C007D3E8A /* CheckboxUIElement.swift */; };
		9D3AC8B129AD24E6007D3E8A /* SystemSettingsAccessibilityZoomCategoryPane.swift in Sources */ = {isa = PBXBuildFile; fileRef = 9D3AC8B029AD24E6007D3E8A /* SystemSettingsAccessibilityZoomCategoryPane.swift */; };
		9D3AC8B329AD2774007D3E8A /* SystemSettingsGroupUIElementWrapper.swift in Sources */ = {isa = PBXBuildFile; fileRef = 9D3AC8B229AD2774007D3E8A /* SystemSettingsGroupUIElementWrapper.swift */; };
		9D3AC8BB29AD74BE007D3E8A /* PopUpButtonUIElement.swift in Sources */ = {isa = PBXBuildFile; fileRef = 9D3AC8BA29AD74BE007D3E8A /* PopUpButtonUIElement.swift */; };
		9D3AC8BD29AD7E9C007D3E8A /* MenuUIElement.swift in Sources */ = {isa = PBXBuildFile; fileRef = 9D3AC8BC29AD7E9C007D3E8A /* MenuUIElement.swift */; };
		9D3AC8BF29AD7FAE007D3E8A /* MenuItemUIElement.swift in Sources */ = {isa = PBXBuildFile; fileRef = 9D3AC8BE29AD7FAE007D3E8A /* MenuItemUIElement.swift */; };
		9D3AC8C729AE9FDF007D3E8A /* AccessibilityDisplayUIAutomationScript.swift in Sources */ = {isa = PBXBuildFile; fileRef = 9D3AC8C629AE9FDF007D3E8A /* AccessibilityDisplayUIAutomationScript.swift */; };
		9D3AC8C929AEA15C007D3E8A /* SystemSettingsAccessibilityDisplayCategoryPane.swift in Sources */ = {isa = PBXBuildFile; fileRef = 9D3AC8C829AEA15C007D3E8A /* SystemSettingsAccessibilityDisplayCategoryPane.swift */; };
		9D3AC8CB29AEC43E007D3E8A /* SystemSettingsAccessibilitySpokenContentCategoryPane.swift in Sources */ = {isa = PBXBuildFile; fileRef = 9D3AC8CA29AEC43E007D3E8A /* SystemSettingsAccessibilitySpokenContentCategoryPane.swift */; };
		9D3AC8CD29AEC7C2007D3E8A /* A11yUIIdentifier.swift in Sources */ = {isa = PBXBuildFile; fileRef = 9D3AC8CC29AEC7C2007D3E8A /* A11yUIIdentifier.swift */; };
		9D3AC8D129AECB63007D3E8A /* AccessibilitySpokenContentUIAutomationScript.swift in Sources */ = {isa = PBXBuildFile; fileRef = 9D3AC8D029AECB63007D3E8A /* AccessibilitySpokenContentUIAutomationScript.swift */; };
		9D3DA59629554F2200361DCC /* MorphicCore.framework in Frameworks */ = {isa = PBXBuildFile; fileRef = 9D3DA59529554F2200361DCC /* MorphicCore.framework */; };
		9D3DA59729554F2200361DCC /* MorphicCore.framework in Embed Frameworks */ = {isa = PBXBuildFile; fileRef = 9D3DA59529554F2200361DCC /* MorphicCore.framework */; settings = {ATTRIBUTES = (CodeSignOnCopy, RemoveHeadersOnCopy, ); }; };
		9D3DA59A29554F3700361DCC /* MorphicMacOSNative.framework in Frameworks */ = {isa = PBXBuildFile; fileRef = 9D3DA59929554F3700361DCC /* MorphicMacOSNative.framework */; };
		9D3DA59B29554F3700361DCC /* MorphicMacOSNative.framework in Embed Frameworks */ = {isa = PBXBuildFile; fileRef = 9D3DA59929554F3700361DCC /* MorphicMacOSNative.framework */; settings = {ATTRIBUTES = (CodeSignOnCopy, RemoveHeadersOnCopy, ); }; };
		9D3DA59D295632DC00361DCC /* SystemSettingsAccessibilityCategoryPane.swift in Sources */ = {isa = PBXBuildFile; fileRef = 9D3DA59C295632DC00361DCC /* SystemSettingsAccessibilityCategoryPane.swift */; };
		9D3DA59F2958DFD800361DCC /* ButtonUIElement.swift in Sources */ = {isa = PBXBuildFile; fileRef = 9D3DA59E2958DFD800361DCC /* ButtonUIElement.swift */; };
		9D3DA5A12958EE7D00361DCC /* SystemSettingsDisplaysCategoryPane.swift in Sources */ = {isa = PBXBuildFile; fileRef = 9D3DA5A02958EE7D00361DCC /* SystemSettingsDisplaysCategoryPane.swift */; };
		9D3DA5A32958F78400361DCC /* SystemSettingsGeneralCategoryPane.swift in Sources */ = {isa = PBXBuildFile; fileRef = 9D3DA5A22958F78400361DCC /* SystemSettingsGeneralCategoryPane.swift */; };
		9D3DA5A52958FFB900361DCC /* SystemSettingsKeyboardCategoryPane.swift in Sources */ = {isa = PBXBuildFile; fileRef = 9D3DA5A42958FFB900361DCC /* SystemSettingsKeyboardCategoryPane.swift */; };
		9D3DA5A729590A4D00361DCC /* SplitGroupUIElement.swift in Sources */ = {isa = PBXBuildFile; fileRef = 9D3DA5A629590A4D00361DCC /* SplitGroupUIElement.swift */; };
		9D3DA5A929590FE700361DCC /* SystemSettingsKeyboardShortcutsSheet.swift in Sources */ = {isa = PBXBuildFile; fileRef = 9D3DA5A829590FE700361DCC /* SystemSettingsKeyboardShortcutsSheet.swift */; };
		9D3DA5AE295914DE00361DCC /* SheetUIElement.swift in Sources */ = {isa = PBXBuildFile; fileRef = 9D3DA5AD295914DE00361DCC /* SheetUIElement.swift */; };
		9D3DA5CE2959458F00361DCC /* ToolbarUIElement.swift in Sources */ = {isa = PBXBuildFile; fileRef = 9D3DA5CD2959458F00361DCC /* ToolbarUIElement.swift */; };
		9D4DF00629B546230033FD1F /* AccessibilityDisplayUIAutomationSetSettingProxies.swift in Sources */ = {isa = PBXBuildFile; fileRef = 9D4DF00529B546230033FD1F /* AccessibilityDisplayUIAutomationSetSettingProxies.swift */; };
		9D4DF00E29B54A470033FD1F /* MorphicSettingsUIAutomationBridgeHelper.swift in Sources */ = {isa = PBXBuildFile; fileRef = 9D4DF00D29B54A470033FD1F /* MorphicSettingsUIAutomationBridgeHelper.swift */; };
		9D4DF01829B578D20033FD1F /* AccessibilitySpokenContentUIAutomationSetSettingProxies.swift in Sources */ = {isa = PBXBuildFile; fileRef = 9D4DF01729B578D20033FD1F /* AccessibilitySpokenContentUIAutomationSetSettingProxies.swift */; };
		9D4DF01B29B57A3C0033FD1F /* AccessibilityVoiceOverUIAutomationSetSettingProxies.swift in Sources */ = {isa = PBXBuildFile; fileRef = 9D4DF01A29B57A3C0033FD1F /* AccessibilityVoiceOverUIAutomationSetSettingProxies.swift */; };
		9D4DF01E29B57AA30033FD1F /* AccessibilityZoomUIAutomationSetSettingProxies.swift in Sources */ = {isa = PBXBuildFile; fileRef = 9D4DF01D29B57AA30033FD1F /* AccessibilityZoomUIAutomationSetSettingProxies.swift */; };
		9D516C7D29B47F25002DCC84 /* SystemSettingsAccessibilityVoiceOverCategoryPane.swift in Sources */ = {isa = PBXBuildFile; fileRef = 9D516C7C29B47F25002DCC84 /* SystemSettingsAccessibilityVoiceOverCategoryPane.swift */; };
		9D516C8029B47F95002DCC84 /* AccessibilityVoiceOverUIAutomationScript.swift in Sources */ = {isa = PBXBuildFile; fileRef = 9D516C7F29B47F95002DCC84 /* AccessibilityVoiceOverUIAutomationScript.swift */; };
		9D516C8229B48937002DCC84 /* SliderUIElement.swift in Sources */ = {isa = PBXBuildFile; fileRef = 9D516C8129B48937002DCC84 /* SliderUIElement.swift */; };
		9D516C8429B49158002DCC84 /* RadioGroupUIElement.swift in Sources */ = {isa = PBXBuildFile; fileRef = 9D516C8329B49158002DCC84 /* RadioGroupUIElement.swift */; };
		9D83E49829B2ADFB0068F5DB /* UIAutomationSequence.swift in Sources */ = {isa = PBXBuildFile; fileRef = 9D83E49729B2ADFB0068F5DB /* UIAutomationSequence.swift */; };
		9D83E49C29B323370068F5DB /* A11yUILabel.swift in Sources */ = {isa = PBXBuildFile; fileRef = 9D83E49B29B323370068F5DB /* A11yUILabel.swift */; };
		9D8EB4DC29478976006F2DDA /* MorphicUIAutomation.h in Headers */ = {isa = PBXBuildFile; fileRef = 9D8EB4DB29478976006F2DDA /* MorphicUIAutomation.h */; settings = {ATTRIBUTES = (Public, ); }; };
		9D8EB4E429478A37006F2DDA /* SystemSettingsApp.swift in Sources */ = {isa = PBXBuildFile; fileRef = 9D8EB4E329478A37006F2DDA /* SystemSettingsApp.swift */; };
		9D8EB4E629478AE2006F2DDA /* UIAutomationApp.swift in Sources */ = {isa = PBXBuildFile; fileRef = 9D8EB4E529478AE2006F2DDA /* UIAutomationApp.swift */; };
		9D8EB4E92947A27B006F2DDA /* WindowUIElement.swift in Sources */ = {isa = PBXBuildFile; fileRef = 9D8EB4E82947A27B006F2DDA /* WindowUIElement.swift */; };
		9DC26BEF29C8AB1900882AB9 /* MorphicSettings.framework in Frameworks */ = {isa = PBXBuildFile; fileRef = 9DC26BEE29C8AB1900882AB9 /* MorphicSettings.framework */; };
		9DC26BF029C8AB1900882AB9 /* MorphicSettings.framework in Embed Frameworks */ = {isa = PBXBuildFile; fileRef = 9DC26BEE29C8AB1900882AB9 /* MorphicSettings.framework */; settings = {ATTRIBUTES = (CodeSignOnCopy, RemoveHeadersOnCopy, ); }; };
		9DECF44A2954D6D0009CE2D8 /* SystemSettingsMainWindow.swift in Sources */ = {isa = PBXBuildFile; fileRef = 9DECF4492954D6D0009CE2D8 /* SystemSettingsMainWindow.swift */; };
		9DECF44D2954D81D009CE2D8 /* UIElement.swift in Sources */ = {isa = PBXBuildFile; fileRef = 9DECF44C2954D81D009CE2D8 /* UIElement.swift */; };
		9DECF44F2954DC39009CE2D8 /* GroupUIElement.swift in Sources */ = {isa = PBXBuildFile; fileRef = 9DECF44E2954DC39009CE2D8 /* GroupUIElement.swift */; };
		9DECF45129551F3D009CE2D8 /* RowUIElement.swift in Sources */ = {isa = PBXBuildFile; fileRef = 9DECF45029551F3D009CE2D8 /* RowUIElement.swift */; };
		9DECF4532955274B009CE2D8 /* CellUIElement.swift in Sources */ = {isa = PBXBuildFile; fileRef = 9DECF4522955274B009CE2D8 /* CellUIElement.swift */; };
/* End PBXBuildFile section */

/* Begin PBXCopyFilesBuildPhase section */
		9D3DA59829554F2300361DCC /* Embed Frameworks */ = {
			isa = PBXCopyFilesBuildPhase;
			buildActionMask = 2147483647;
			dstPath = "";
			dstSubfolderSpec = 10;
			files = (
				9D3DA59B29554F3700361DCC /* MorphicMacOSNative.framework in Embed Frameworks */,
				9DC26BF029C8AB1900882AB9 /* MorphicSettings.framework in Embed Frameworks */,
				9D3DA59729554F2200361DCC /* MorphicCore.framework in Embed Frameworks */,
			);
			name = "Embed Frameworks";
			runOnlyForDeploymentPostprocessing = 0;
		};
/* End PBXCopyFilesBuildPhase section */

/* Begin PBXFileReference section */
		9D3AC8A829AD1C46007D3E8A /* UIAutomationScriptUtils.swift */ = {isa = PBXFileReference; lastKnownFileType = sourcecode.swift; path = UIAutomationScriptUtils.swift; sourceTree = "<group>"; };
		9D3AC8AC29AD1E2B007D3E8A /* AccessibilityZoomUIAutomationScript.swift */ = {isa = PBXFileReference; lastKnownFileType = sourcecode.swift; path = AccessibilityZoomUIAutomationScript.swift; sourceTree = "<group>"; };
		9D3AC8AE29AD233C007D3E8A /* CheckboxUIElement.swift */ = {isa = PBXFileReference; lastKnownFileType = sourcecode.swift; path = CheckboxUIElement.swift; sourceTree = "<group>"; };
		9D3AC8B029AD24E6007D3E8A /* SystemSettingsAccessibilityZoomCategoryPane.swift */ = {isa = PBXFileReference; lastKnownFileType = sourcecode.swift; path = SystemSettingsAccessibilityZoomCategoryPane.swift; sourceTree = "<group>"; };
		9D3AC8B229AD2774007D3E8A /* SystemSettingsGroupUIElementWrapper.swift */ = {isa = PBXFileReference; lastKnownFileType = sourcecode.swift; path = SystemSettingsGroupUIElementWrapper.swift; sourceTree = "<group>"; };
		9D3AC8BA29AD74BE007D3E8A /* PopUpButtonUIElement.swift */ = {isa = PBXFileReference; lastKnownFileType = sourcecode.swift; path = PopUpButtonUIElement.swift; sourceTree = "<group>"; };
		9D3AC8BC29AD7E9C007D3E8A /* MenuUIElement.swift */ = {isa = PBXFileReference; lastKnownFileType = sourcecode.swift; path = MenuUIElement.swift; sourceTree = "<group>"; };
		9D3AC8BE29AD7FAE007D3E8A /* MenuItemUIElement.swift */ = {isa = PBXFileReference; lastKnownFileType = sourcecode.swift; path = MenuItemUIElement.swift; sourceTree = "<group>"; };
		9D3AC8C629AE9FDF007D3E8A /* AccessibilityDisplayUIAutomationScript.swift */ = {isa = PBXFileReference; lastKnownFileType = sourcecode.swift; path = AccessibilityDisplayUIAutomationScript.swift; sourceTree = "<group>"; };
		9D3AC8C829AEA15C007D3E8A /* SystemSettingsAccessibilityDisplayCategoryPane.swift */ = {isa = PBXFileReference; lastKnownFileType = sourcecode.swift; path = SystemSettingsAccessibilityDisplayCategoryPane.swift; sourceTree = "<group>"; };
		9D3AC8CA29AEC43E007D3E8A /* SystemSettingsAccessibilitySpokenContentCategoryPane.swift */ = {isa = PBXFileReference; lastKnownFileType = sourcecode.swift; path = SystemSettingsAccessibilitySpokenContentCategoryPane.swift; sourceTree = "<group>"; };
		9D3AC8CC29AEC7C2007D3E8A /* A11yUIIdentifier.swift */ = {isa = PBXFileReference; lastKnownFileType = sourcecode.swift; path = A11yUIIdentifier.swift; sourceTree = "<group>"; };
		9D3AC8D029AECB63007D3E8A /* AccessibilitySpokenContentUIAutomationScript.swift */ = {isa = PBXFileReference; lastKnownFileType = sourcecode.swift; path = AccessibilitySpokenContentUIAutomationScript.swift; sourceTree = "<group>"; };
		9D3DA59529554F2200361DCC /* MorphicCore.framework */ = {isa = PBXFileReference; explicitFileType = wrapper.framework; path = MorphicCore.framework; sourceTree = BUILT_PRODUCTS_DIR; };
		9D3DA59929554F3700361DCC /* MorphicMacOSNative.framework */ = {isa = PBXFileReference; explicitFileType = wrapper.framework; path = MorphicMacOSNative.framework; sourceTree = BUILT_PRODUCTS_DIR; };
		9D3DA59C295632DC00361DCC /* SystemSettingsAccessibilityCategoryPane.swift */ = {isa = PBXFileReference; lastKnownFileType = sourcecode.swift; path = SystemSettingsAccessibilityCategoryPane.swift; sourceTree = "<group>"; };
		9D3DA59E2958DFD800361DCC /* ButtonUIElement.swift */ = {isa = PBXFileReference; lastKnownFileType = sourcecode.swift; path = ButtonUIElement.swift; sourceTree = "<group>"; };
		9D3DA5A02958EE7D00361DCC /* SystemSettingsDisplaysCategoryPane.swift */ = {isa = PBXFileReference; lastKnownFileType = sourcecode.swift; path = SystemSettingsDisplaysCategoryPane.swift; sourceTree = "<group>"; };
		9D3DA5A22958F78400361DCC /* SystemSettingsGeneralCategoryPane.swift */ = {isa = PBXFileReference; lastKnownFileType = sourcecode.swift; path = SystemSettingsGeneralCategoryPane.swift; sourceTree = "<group>"; };
		9D3DA5A42958FFB900361DCC /* SystemSettingsKeyboardCategoryPane.swift */ = {isa = PBXFileReference; lastKnownFileType = sourcecode.swift; path = SystemSettingsKeyboardCategoryPane.swift; sourceTree = "<group>"; };
		9D3DA5A629590A4D00361DCC /* SplitGroupUIElement.swift */ = {isa = PBXFileReference; lastKnownFileType = sourcecode.swift; path = SplitGroupUIElement.swift; sourceTree = "<group>"; };
		9D3DA5A829590FE700361DCC /* SystemSettingsKeyboardShortcutsSheet.swift */ = {isa = PBXFileReference; lastKnownFileType = sourcecode.swift; path = SystemSettingsKeyboardShortcutsSheet.swift; sourceTree = "<group>"; };
		9D3DA5AD295914DE00361DCC /* SheetUIElement.swift */ = {isa = PBXFileReference; lastKnownFileType = sourcecode.swift; path = SheetUIElement.swift; sourceTree = "<group>"; };
		9D3DA5AF2959153900361DCC /* UIElement.swift */ = {isa = PBXFileReference; lastKnownFileType = sourcecode.swift; path = UIElement.swift; sourceTree = "<group>"; };
		9D3DA5B02959153900361DCC /* WorkspaceElement.swift */ = {isa = PBXFileReference; lastKnownFileType = sourcecode.swift; path = WorkspaceElement.swift; sourceTree = "<group>"; };
		9D3DA5B12959153900361DCC /* ApplicationElement.swift */ = {isa = PBXFileReference; lastKnownFileType = sourcecode.swift; path = ApplicationElement.swift; sourceTree = "<group>"; };
		9D3DA5B22959153900361DCC /* WindowElement.swift */ = {isa = PBXFileReference; lastKnownFileType = sourcecode.swift; path = WindowElement.swift; sourceTree = "<group>"; };
		9D3DA5B32959153900361DCC /* ToolbarElement.swift */ = {isa = PBXFileReference; lastKnownFileType = sourcecode.swift; path = ToolbarElement.swift; sourceTree = "<group>"; };
		9D3DA5B52959153900361DCC /* TabGroupElement.swift */ = {isa = PBXFileReference; lastKnownFileType = sourcecode.swift; path = TabGroupElement.swift; sourceTree = "<group>"; };
		9D3DA5B62959153900361DCC /* TabElement.swift */ = {isa = PBXFileReference; lastKnownFileType = sourcecode.swift; path = TabElement.swift; sourceTree = "<group>"; };
		9D3DA5B72959153900361DCC /* CheckboxElement.swift */ = {isa = PBXFileReference; lastKnownFileType = sourcecode.swift; path = CheckboxElement.swift; sourceTree = "<group>"; };
		9D3DA5B82959153900361DCC /* ButtonElement.swift */ = {isa = PBXFileReference; lastKnownFileType = sourcecode.swift; path = ButtonElement.swift; sourceTree = "<group>"; };
		9D3DA5B92959153900361DCC /* LabelElement.swift */ = {isa = PBXFileReference; lastKnownFileType = sourcecode.swift; path = LabelElement.swift; sourceTree = "<group>"; };
		9D3DA5BA2959153900361DCC /* PopUpButtonElement.swift */ = {isa = PBXFileReference; lastKnownFileType = sourcecode.swift; path = PopUpButtonElement.swift; sourceTree = "<group>"; };
		9D3DA5BB2959153900361DCC /* SliderElement.swift */ = {isa = PBXFileReference; lastKnownFileType = sourcecode.swift; path = SliderElement.swift; sourceTree = "<group>"; };
		9D3DA5BD2959153900361DCC /* MenuElement.swift */ = {isa = PBXFileReference; lastKnownFileType = sourcecode.swift; path = MenuElement.swift; sourceTree = "<group>"; };
		9D3DA5BE2959153900361DCC /* MenuItemElement.swift */ = {isa = PBXFileReference; lastKnownFileType = sourcecode.swift; path = MenuItemElement.swift; sourceTree = "<group>"; };
		9D3DA5C02959153900361DCC /* TableElement.swift */ = {isa = PBXFileReference; lastKnownFileType = sourcecode.swift; path = TableElement.swift; sourceTree = "<group>"; };
		9D3DA5C12959153900361DCC /* RowElement.swift */ = {isa = PBXFileReference; lastKnownFileType = sourcecode.swift; path = RowElement.swift; sourceTree = "<group>"; };
		9D3DA5C22959153900361DCC /* CellElement.swift */ = {isa = PBXFileReference; lastKnownFileType = sourcecode.swift; path = CellElement.swift; sourceTree = "<group>"; };
		9D3DA5C42959153900361DCC /* SystemPreferencesElement.swift */ = {isa = PBXFileReference; lastKnownFileType = sourcecode.swift; path = SystemPreferencesElement.swift; sourceTree = "<group>"; };
		9D3DA5C52959153900361DCC /* AccessibilityPreferencesElement.swift */ = {isa = PBXFileReference; lastKnownFileType = sourcecode.swift; path = AccessibilityPreferencesElement.swift; sourceTree = "<group>"; };
		9D3DA5C62959153900361DCC /* DisplaysPreferencesElement.swift */ = {isa = PBXFileReference; lastKnownFileType = sourcecode.swift; path = DisplaysPreferencesElement.swift; sourceTree = "<group>"; };
		9D3DA5C72959153900361DCC /* GeneralPreferencesElement.swift */ = {isa = PBXFileReference; lastKnownFileType = sourcecode.swift; path = GeneralPreferencesElement.swift; sourceTree = "<group>"; };
		9D3DA5C82959153900361DCC /* KeyboardPreferencesElement.swift */ = {isa = PBXFileReference; lastKnownFileType = sourcecode.swift; path = KeyboardPreferencesElement.swift; sourceTree = "<group>"; };
		9D3DA5C92959153900361DCC /* LanguageAndRegionPreferencesElement_macOS12AndOlder.swift */ = {isa = PBXFileReference; lastKnownFileType = sourcecode.swift; path = LanguageAndRegionPreferencesElement_macOS12AndOlder.swift; sourceTree = "<group>"; };
		9D3DA5CA2959153900361DCC /* MousePreferencesElement.swift */ = {isa = PBXFileReference; lastKnownFileType = sourcecode.swift; path = MousePreferencesElement.swift; sourceTree = "<group>"; };
		9D3DA5CD2959458F00361DCC /* ToolbarUIElement.swift */ = {isa = PBXFileReference; lastKnownFileType = sourcecode.swift; path = ToolbarUIElement.swift; sourceTree = "<group>"; };
		9D4DF00529B546230033FD1F /* AccessibilityDisplayUIAutomationSetSettingProxies.swift */ = {isa = PBXFileReference; lastKnownFileType = sourcecode.swift; path = AccessibilityDisplayUIAutomationSetSettingProxies.swift; sourceTree = "<group>"; };
		9D4DF00D29B54A470033FD1F /* MorphicSettingsUIAutomationBridgeHelper.swift */ = {isa = PBXFileReference; lastKnownFileType = sourcecode.swift; path = MorphicSettingsUIAutomationBridgeHelper.swift; sourceTree = "<group>"; };
		9D4DF01729B578D20033FD1F /* AccessibilitySpokenContentUIAutomationSetSettingProxies.swift */ = {isa = PBXFileReference; lastKnownFileType = sourcecode.swift; path = AccessibilitySpokenContentUIAutomationSetSettingProxies.swift; sourceTree = "<group>"; };
		9D4DF01A29B57A3C0033FD1F /* AccessibilityVoiceOverUIAutomationSetSettingProxies.swift */ = {isa = PBXFileReference; lastKnownFileType = sourcecode.swift; path = AccessibilityVoiceOverUIAutomationSetSettingProxies.swift; sourceTree = "<group>"; };
		9D4DF01D29B57AA30033FD1F /* AccessibilityZoomUIAutomationSetSettingProxies.swift */ = {isa = PBXFileReference; lastKnownFileType = sourcecode.swift; path = AccessibilityZoomUIAutomationSetSettingProxies.swift; sourceTree = "<group>"; };
		9D516C7C29B47F25002DCC84 /* SystemSettingsAccessibilityVoiceOverCategoryPane.swift */ = {isa = PBXFileReference; lastKnownFileType = sourcecode.swift; path = SystemSettingsAccessibilityVoiceOverCategoryPane.swift; sourceTree = "<group>"; };
		9D516C7F29B47F95002DCC84 /* AccessibilityVoiceOverUIAutomationScript.swift */ = {isa = PBXFileReference; lastKnownFileType = sourcecode.swift; path = AccessibilityVoiceOverUIAutomationScript.swift; sourceTree = "<group>"; };
		9D516C8129B48937002DCC84 /* SliderUIElement.swift */ = {isa = PBXFileReference; lastKnownFileType = sourcecode.swift; path = SliderUIElement.swift; sourceTree = "<group>"; };
		9D516C8329B49158002DCC84 /* RadioGroupUIElement.swift */ = {isa = PBXFileReference; lastKnownFileType = sourcecode.swift; path = RadioGroupUIElement.swift; sourceTree = "<group>"; };
		9D83E49729B2ADFB0068F5DB /* UIAutomationSequence.swift */ = {isa = PBXFileReference; lastKnownFileType = sourcecode.swift; path = UIAutomationSequence.swift; sourceTree = "<group>"; };
		9D83E49B29B323370068F5DB /* A11yUILabel.swift */ = {isa = PBXFileReference; lastKnownFileType = sourcecode.swift; path = A11yUILabel.swift; sourceTree = "<group>"; };
		9D8EB4D829478976006F2DDA /* MorphicUIAutomation.framework */ = {isa = PBXFileReference; explicitFileType = wrapper.framework; includeInIndex = 0; path = MorphicUIAutomation.framework; sourceTree = BUILT_PRODUCTS_DIR; };
		9D8EB4DB29478976006F2DDA /* MorphicUIAutomation.h */ = {isa = PBXFileReference; lastKnownFileType = sourcecode.c.h; path = MorphicUIAutomation.h; sourceTree = "<group>"; };
		9D8EB4E329478A37006F2DDA /* SystemSettingsApp.swift */ = {isa = PBXFileReference; lastKnownFileType = sourcecode.swift; path = SystemSettingsApp.swift; sourceTree = "<group>"; };
		9D8EB4E529478AE2006F2DDA /* UIAutomationApp.swift */ = {isa = PBXFileReference; lastKnownFileType = sourcecode.swift; path = UIAutomationApp.swift; sourceTree = "<group>"; };
		9D8EB4E82947A27B006F2DDA /* WindowUIElement.swift */ = {isa = PBXFileReference; lastKnownFileType = sourcecode.swift; path = WindowUIElement.swift; sourceTree = "<group>"; };
		9DC26BEE29C8AB1900882AB9 /* MorphicSettings.framework */ = {isa = PBXFileReference; explicitFileType = wrapper.framework; path = MorphicSettings.framework; sourceTree = BUILT_PRODUCTS_DIR; };
		9DECF4492954D6D0009CE2D8 /* SystemSettingsMainWindow.swift */ = {isa = PBXFileReference; lastKnownFileType = sourcecode.swift; path = SystemSettingsMainWindow.swift; sourceTree = "<group>"; };
		9DECF44C2954D81D009CE2D8 /* UIElement.swift */ = {isa = PBXFileReference; lastKnownFileType = sourcecode.swift; path = UIElement.swift; sourceTree = "<group>"; };
		9DECF44E2954DC39009CE2D8 /* GroupUIElement.swift */ = {isa = PBXFileReference; lastKnownFileType = sourcecode.swift; path = GroupUIElement.swift; sourceTree = "<group>"; };
		9DECF45029551F3D009CE2D8 /* RowUIElement.swift */ = {isa = PBXFileReference; lastKnownFileType = sourcecode.swift; path = RowUIElement.swift; sourceTree = "<group>"; };
		9DECF4522955274B009CE2D8 /* CellUIElement.swift */ = {isa = PBXFileReference; lastKnownFileType = sourcecode.swift; path = CellUIElement.swift; sourceTree = "<group>"; };
/* End PBXFileReference section */

/* Begin PBXFrameworksBuildPhase section */
		9D8EB4D529478976006F2DDA /* Frameworks */ = {
			isa = PBXFrameworksBuildPhase;
			buildActionMask = 2147483647;
			files = (
				9D3DA59A29554F3700361DCC /* MorphicMacOSNative.framework in Frameworks */,
				9DC26BEF29C8AB1900882AB9 /* MorphicSettings.framework in Frameworks */,
				9D3DA59629554F2200361DCC /* MorphicCore.framework in Frameworks */,
			);
			runOnlyForDeploymentPostprocessing = 0;
		};
/* End PBXFrameworksBuildPhase section */

/* Begin PBXGroup section */
		9D3AC8A729AD1C2E007D3E8A /* UIAutomationScripts */ = {
			isa = PBXGroup;
			children = (
				9D3AC8AA29AD1DB2007D3E8A /* Accessibility */,
			);
			path = UIAutomationScripts;
			sourceTree = "<group>";
		};
		9D3AC8AA29AD1DB2007D3E8A /* Accessibility */ = {
			isa = PBXGroup;
			children = (
				9D3AC8C529AE9FC7007D3E8A /* Display */,
				9D3AC8CF29AECB51007D3E8A /* SpokenContent */,
				9D516C7E29B47F88002DCC84 /* VoiceOver */,
				9D3AC8AB29AD1DCD007D3E8A /* Zoom */,
			);
			path = Accessibility;
			sourceTree = "<group>";
		};
		9D3AC8AB29AD1DCD007D3E8A /* Zoom */ = {
			isa = PBXGroup;
			children = (
				9D3AC8AC29AD1E2B007D3E8A /* AccessibilityZoomUIAutomationScript.swift */,
			);
			path = Zoom;
			sourceTree = "<group>";
		};
		9D3AC8C529AE9FC7007D3E8A /* Display */ = {
			isa = PBXGroup;
			children = (
				9D3AC8C629AE9FDF007D3E8A /* AccessibilityDisplayUIAutomationScript.swift */,
			);
			path = Display;
			sourceTree = "<group>";
		};
		9D3AC8CF29AECB51007D3E8A /* SpokenContent */ = {
			isa = PBXGroup;
			children = (
				9D3AC8D029AECB63007D3E8A /* AccessibilitySpokenContentUIAutomationScript.swift */,
			);
			path = SpokenContent;
			sourceTree = "<group>";
		};
		9D3DA59429554F2200361DCC /* Frameworks */ = {
			isa = PBXGroup;
			children = (
				9DC26BEE29C8AB1900882AB9 /* MorphicSettings.framework */,
				9D3DA5CC2959153900361DCC /* AccessibilityUI */,
				9D3DA59929554F3700361DCC /* MorphicMacOSNative.framework */,
				9D3DA59529554F2200361DCC /* MorphicCore.framework */,
			);
			name = Frameworks;
			sourceTree = "<group>";
		};
		9D3DA5AA29590FEB00361DCC /* Sheets */ = {
			isa = PBXGroup;
			children = (
				9D3DA5A829590FE700361DCC /* SystemSettingsKeyboardShortcutsSheet.swift */,
			);
			path = Sheets;
			sourceTree = "<group>";
		};
		9D3DA5AB29590FF600361DCC /* CategoryPanes */ = {
			isa = PBXGroup;
			children = (
				9D3DA59C295632DC00361DCC /* SystemSettingsAccessibilityCategoryPane.swift */,
				9D3AC8C829AEA15C007D3E8A /* SystemSettingsAccessibilityDisplayCategoryPane.swift */,
				9D3AC8CA29AEC43E007D3E8A /* SystemSettingsAccessibilitySpokenContentCategoryPane.swift */,
				9D516C7C29B47F25002DCC84 /* SystemSettingsAccessibilityVoiceOverCategoryPane.swift */,
				9D3AC8B029AD24E6007D3E8A /* SystemSettingsAccessibilityZoomCategoryPane.swift */,
				9D3DA5A02958EE7D00361DCC /* SystemSettingsDisplaysCategoryPane.swift */,
				9D3DA5A22958F78400361DCC /* SystemSettingsGeneralCategoryPane.swift */,
				9D3DA5A42958FFB900361DCC /* SystemSettingsKeyboardCategoryPane.swift */,
			);
			path = CategoryPanes;
			sourceTree = "<group>";
		};
		9D3DA5B42959153900361DCC /* Windows */ = {
			isa = PBXGroup;
			children = (
				9D3DA5B22959153900361DCC /* WindowElement.swift */,
				9D3DA5B32959153900361DCC /* ToolbarElement.swift */,
			);
			path = Windows;
			sourceTree = "<group>";
		};
		9D3DA5BC2959153900361DCC /* Controls */ = {
			isa = PBXGroup;
			children = (
				9D3DA5B52959153900361DCC /* TabGroupElement.swift */,
				9D3DA5B62959153900361DCC /* TabElement.swift */,
				9D3DA5B72959153900361DCC /* CheckboxElement.swift */,
				9D3DA5B82959153900361DCC /* ButtonElement.swift */,
				9D3DA5B92959153900361DCC /* LabelElement.swift */,
				9D3DA5BA2959153900361DCC /* PopUpButtonElement.swift */,
				9D3DA5BB2959153900361DCC /* SliderElement.swift */,
			);
			path = Controls;
			sourceTree = "<group>";
		};
		9D3DA5BF2959153900361DCC /* Menus */ = {
			isa = PBXGroup;
			children = (
				9D3DA5BD2959153900361DCC /* MenuElement.swift */,
				9D3DA5BE2959153900361DCC /* MenuItemElement.swift */,
			);
			path = Menus;
			sourceTree = "<group>";
		};
		9D3DA5C32959153900361DCC /* Tables */ = {
			isa = PBXGroup;
			children = (
				9D3DA5C02959153900361DCC /* TableElement.swift */,
				9D3DA5C12959153900361DCC /* RowElement.swift */,
				9D3DA5C22959153900361DCC /* CellElement.swift */,
			);
			path = Tables;
			sourceTree = "<group>";
		};
		9D3DA5CB2959153900361DCC /* SystemPrefs */ = {
			isa = PBXGroup;
			children = (
				9D3DA5C42959153900361DCC /* SystemPreferencesElement.swift */,
				9D3DA5C52959153900361DCC /* AccessibilityPreferencesElement.swift */,
				9D3DA5C62959153900361DCC /* DisplaysPreferencesElement.swift */,
				9D3DA5C72959153900361DCC /* GeneralPreferencesElement.swift */,
				9D3DA5C82959153900361DCC /* KeyboardPreferencesElement.swift */,
				9D3DA5C92959153900361DCC /* LanguageAndRegionPreferencesElement_macOS12AndOlder.swift */,
				9D3DA5CA2959153900361DCC /* MousePreferencesElement.swift */,
			);
			path = SystemPrefs;
			sourceTree = "<group>";
		};
		9D3DA5CC2959153900361DCC /* AccessibilityUI */ = {
			isa = PBXGroup;
			children = (
				9D3DA5AF2959153900361DCC /* UIElement.swift */,
				9D3DA5B02959153900361DCC /* WorkspaceElement.swift */,
				9D3DA5B12959153900361DCC /* ApplicationElement.swift */,
				9D3DA5B42959153900361DCC /* Windows */,
				9D3DA5BC2959153900361DCC /* Controls */,
				9D3DA5BF2959153900361DCC /* Menus */,
				9D3DA5C32959153900361DCC /* Tables */,
				9D3DA5CB2959153900361DCC /* SystemPrefs */,
			);
			path = AccessibilityUI;
			sourceTree = "<group>";
		};
		9D4DF00229B545EF0033FD1F /* UIAutomationSetSettingProxies */ = {
			isa = PBXGroup;
			children = (
				9D4DF00329B545F90033FD1F /* Accessibility */,
			);
			path = UIAutomationSetSettingProxies;
			sourceTree = "<group>";
		};
		9D4DF00329B545F90033FD1F /* Accessibility */ = {
			isa = PBXGroup;
			children = (
				9D4DF00429B546070033FD1F /* Display */,
				9D4DF01629B578BE0033FD1F /* SpokenContent */,
				9D4DF01929B57A1F0033FD1F /* VoiceOver */,
				9D4DF01C29B57A8C0033FD1F /* Zoom */,
			);
			path = Accessibility;
			sourceTree = "<group>";
		};
		9D4DF00429B546070033FD1F /* Display */ = {
			isa = PBXGroup;
			children = (
				9D4DF00529B546230033FD1F /* AccessibilityDisplayUIAutomationSetSettingProxies.swift */,
			);
			path = Display;
			sourceTree = "<group>";
		};
		9D4DF01629B578BE0033FD1F /* SpokenContent */ = {
			isa = PBXGroup;
			children = (
				9D4DF01729B578D20033FD1F /* AccessibilitySpokenContentUIAutomationSetSettingProxies.swift */,
			);
			path = SpokenContent;
			sourceTree = "<group>";
		};
		9D4DF01929B57A1F0033FD1F /* VoiceOver */ = {
			isa = PBXGroup;
			children = (
				9D4DF01A29B57A3C0033FD1F /* AccessibilityVoiceOverUIAutomationSetSettingProxies.swift */,
			);
			path = VoiceOver;
			sourceTree = "<group>";
		};
		9D4DF01C29B57A8C0033FD1F /* Zoom */ = {
			isa = PBXGroup;
			children = (
				9D4DF01D29B57AA30033FD1F /* AccessibilityZoomUIAutomationSetSettingProxies.swift */,
			);
			path = Zoom;
			sourceTree = "<group>";
		};
		9D516C7E29B47F88002DCC84 /* VoiceOver */ = {
			isa = PBXGroup;
			children = (
				9D516C7F29B47F95002DCC84 /* AccessibilityVoiceOverUIAutomationScript.swift */,
			);
			path = VoiceOver;
			sourceTree = "<group>";
		};
		9D8EB4CE29478976006F2DDA = {
			isa = PBXGroup;
			children = (
				9D8EB4DA29478976006F2DDA /* MorphicUIAutomation */,
				9D8EB4D929478976006F2DDA /* Products */,
				9D3DA59429554F2200361DCC /* Frameworks */,
			);
			sourceTree = "<group>";
		};
		9D8EB4D929478976006F2DDA /* Products */ = {
			isa = PBXGroup;
			children = (
				9D8EB4D829478976006F2DDA /* MorphicUIAutomation.framework */,
			);
			name = Products;
			sourceTree = "<group>";
		};
		9D8EB4DA29478976006F2DDA /* MorphicUIAutomation */ = {
			isa = PBXGroup;
			children = (
				9D8EB4E72947A25E006F2DDA /* UIElements */,
				9D8EB4E2294789DB006F2DDA /* SystemSettings */,
				9D8EB4DB29478976006F2DDA /* MorphicUIAutomation.h */,
				9D3AC8CC29AEC7C2007D3E8A /* A11yUIIdentifier.swift */,
				9D83E49B29B323370068F5DB /* A11yUILabel.swift */,
				9D8EB4E529478AE2006F2DDA /* UIAutomationApp.swift */,
				9D3AC8A829AD1C46007D3E8A /* UIAutomationScriptUtils.swift */,
				9D83E49729B2ADFB0068F5DB /* UIAutomationSequence.swift */,
				9D4DF00D29B54A470033FD1F /* MorphicSettingsUIAutomationBridgeHelper.swift */,
			);
			path = MorphicUIAutomation;
			sourceTree = "<group>";
		};
		9D8EB4E2294789DB006F2DDA /* SystemSettings */ = {
			isa = PBXGroup;
			children = (
				9D3DA5AB29590FF600361DCC /* CategoryPanes */,
				9D3DA5AA29590FEB00361DCC /* Sheets */,
				9D4DF00229B545EF0033FD1F /* UIAutomationSetSettingProxies */,
				9D3AC8A729AD1C2E007D3E8A /* UIAutomationScripts */,
				9D8EB4E329478A37006F2DDA /* SystemSettingsApp.swift */,
				9D3AC8B229AD2774007D3E8A /* SystemSettingsGroupUIElementWrapper.swift */,
				9DECF4492954D6D0009CE2D8 /* SystemSettingsMainWindow.swift */,
			);
			path = SystemSettings;
			sourceTree = "<group>";
		};
		9D8EB4E72947A25E006F2DDA /* UIElements */ = {
			isa = PBXGroup;
			children = (
				9DECF44C2954D81D009CE2D8 /* UIElement.swift */,
				9D3DA59E2958DFD800361DCC /* ButtonUIElement.swift */,
				9DECF4522955274B009CE2D8 /* CellUIElement.swift */,
				9D3AC8AE29AD233C007D3E8A /* CheckboxUIElement.swift */,
				9DECF44E2954DC39009CE2D8 /* GroupUIElement.swift */,
				9D3AC8BC29AD7E9C007D3E8A /* MenuUIElement.swift */,
				9D3AC8BE29AD7FAE007D3E8A /* MenuItemUIElement.swift */,
				9D3AC8BA29AD74BE007D3E8A /* PopUpButtonUIElement.swift */,
				9DECF45029551F3D009CE2D8 /* RowUIElement.swift */,
				9D3DA5AD295914DE00361DCC /* SheetUIElement.swift */,
				9D516C8329B49158002DCC84 /* RadioGroupUIElement.swift */,
				9D516C8129B48937002DCC84 /* SliderUIElement.swift */,
				9D3DA5A629590A4D00361DCC /* SplitGroupUIElement.swift */,
				9D3DA5CD2959458F00361DCC /* ToolbarUIElement.swift */,
				9D8EB4E82947A27B006F2DDA /* WindowUIElement.swift */,
			);
			path = UIElements;
			sourceTree = "<group>";
		};
/* End PBXGroup section */

/* Begin PBXHeadersBuildPhase section */
		9D8EB4D329478976006F2DDA /* Headers */ = {
			isa = PBXHeadersBuildPhase;
			buildActionMask = 2147483647;
			files = (
				9D8EB4DC29478976006F2DDA /* MorphicUIAutomation.h in Headers */,
			);
			runOnlyForDeploymentPostprocessing = 0;
		};
/* End PBXHeadersBuildPhase section */

/* Begin PBXNativeTarget section */
		9D8EB4D729478976006F2DDA /* MorphicUIAutomation */ = {
			isa = PBXNativeTarget;
			buildConfigurationList = 9D8EB4DF29478976006F2DDA /* Build configuration list for PBXNativeTarget "MorphicUIAutomation" */;
			buildPhases = (
				9D8EB4D329478976006F2DDA /* Headers */,
				9D8EB4D429478976006F2DDA /* Sources */,
				9D8EB4D529478976006F2DDA /* Frameworks */,
				9D8EB4D629478976006F2DDA /* Resources */,
				9D3DA59829554F2300361DCC /* Embed Frameworks */,
			);
			buildRules = (
			);
			dependencies = (
			);
			name = MorphicUIAutomation;
			productName = MorphicUIAutomation;
			productReference = 9D8EB4D829478976006F2DDA /* MorphicUIAutomation.framework */;
			productType = "com.apple.product-type.framework";
		};
/* End PBXNativeTarget section */

/* Begin PBXProject section */
		9D8EB4CF29478976006F2DDA /* Project object */ = {
			isa = PBXProject;
			attributes = {
				BuildIndependentTargetsInParallel = 1;
				LastUpgradeCheck = 1410;
				TargetAttributes = {
					9D8EB4D729478976006F2DDA = {
						CreatedOnToolsVersion = 14.1;
						LastSwiftMigration = 1410;
					};
				};
			};
			buildConfigurationList = 9D8EB4D229478976006F2DDA /* Build configuration list for PBXProject "MorphicUIAutomation" */;
			compatibilityVersion = "Xcode 14.0";
			developmentRegion = en;
			hasScannedForEncodings = 0;
			knownRegions = (
				en,
				Base,
			);
			mainGroup = 9D8EB4CE29478976006F2DDA;
			productRefGroup = 9D8EB4D929478976006F2DDA /* Products */;
			projectDirPath = "";
			projectRoot = "";
			targets = (
				9D8EB4D729478976006F2DDA /* MorphicUIAutomation */,
			);
		};
/* End PBXProject section */

/* Begin PBXResourcesBuildPhase section */
		9D8EB4D629478976006F2DDA /* Resources */ = {
			isa = PBXResourcesBuildPhase;
			buildActionMask = 2147483647;
			files = (
			);
			runOnlyForDeploymentPostprocessing = 0;
		};
/* End PBXResourcesBuildPhase section */

/* Begin PBXSourcesBuildPhase section */
		9D8EB4D429478976006F2DDA /* Sources */ = {
			isa = PBXSourcesBuildPhase;
			buildActionMask = 2147483647;
			files = (
				9D3DA5AE295914DE00361DCC /* SheetUIElement.swift in Sources */,
				9D3AC8BF29AD7FAE007D3E8A /* MenuItemUIElement.swift in Sources */,
				9D3DA5A929590FE700361DCC /* SystemSettingsKeyboardShortcutsSheet.swift in Sources */,
				9D4DF00629B546230033FD1F /* AccessibilityDisplayUIAutomationSetSettingProxies.swift in Sources */,
				9D3AC8BB29AD74BE007D3E8A /* PopUpButtonUIElement.swift in Sources */,
				9D8EB4E629478AE2006F2DDA /* UIAutomationApp.swift in Sources */,
				9D8EB4E429478A37006F2DDA /* SystemSettingsApp.swift in Sources */,
				9D3DA59F2958DFD800361DCC /* ButtonUIElement.swift in Sources */,
				9DECF44D2954D81D009CE2D8 /* UIElement.swift in Sources */,
				9D516C8029B47F95002DCC84 /* AccessibilityVoiceOverUIAutomationScript.swift in Sources */,
				9DECF45129551F3D009CE2D8 /* RowUIElement.swift in Sources */,
				9D3DA59D295632DC00361DCC /* SystemSettingsAccessibilityCategoryPane.swift in Sources */,
				9D3AC8D129AECB63007D3E8A /* AccessibilitySpokenContentUIAutomationScript.swift in Sources */,
				9D3DA5A32958F78400361DCC /* SystemSettingsGeneralCategoryPane.swift in Sources */,
				9D4DF01829B578D20033FD1F /* AccessibilitySpokenContentUIAutomationSetSettingProxies.swift in Sources */,
				9D3AC8C729AE9FDF007D3E8A /* AccessibilityDisplayUIAutomationScript.swift in Sources */,
				9D3AC8CD29AEC7C2007D3E8A /* A11yUIIdentifier.swift in Sources */,
				9D516C8229B48937002DCC84 /* SliderUIElement.swift in Sources */,
				9D3AC8B329AD2774007D3E8A /* SystemSettingsGroupUIElementWrapper.swift in Sources */,
				9D516C7D29B47F25002DCC84 /* SystemSettingsAccessibilityVoiceOverCategoryPane.swift in Sources */,
				9D83E49829B2ADFB0068F5DB /* UIAutomationSequence.swift in Sources */,
				9D3AC8BD29AD7E9C007D3E8A /* MenuUIElement.swift in Sources */,
				9DECF44A2954D6D0009CE2D8 /* SystemSettingsMainWindow.swift in Sources */,
				9DECF44F2954DC39009CE2D8 /* GroupUIElement.swift in Sources */,
				9D3AC8B129AD24E6007D3E8A /* SystemSettingsAccessibilityZoomCategoryPane.swift in Sources */,
				9DECF4532955274B009CE2D8 /* CellUIElement.swift in Sources */,
				9D3DA5A52958FFB900361DCC /* SystemSettingsKeyboardCategoryPane.swift in Sources */,
				9D3AC8C929AEA15C007D3E8A /* SystemSettingsAccessibilityDisplayCategoryPane.swift in Sources */,
				9D4DF01E29B57AA30033FD1F /* AccessibilityZoomUIAutomationSetSettingProxies.swift in Sources */,
				9D4DF00E29B54A470033FD1F /* MorphicSettingsUIAutomationBridgeHelper.swift in Sources */,
				9D3AC8AF29AD233C007D3E8A /* CheckboxUIElement.swift in Sources */,
				9D83E49C29B323370068F5DB /* A11yUILabel.swift in Sources */,
				9D3AC8A929AD1C46007D3E8A /* UIAutomationScriptUtils.swift in Sources */,
				9D3AC8CB29AEC43E007D3E8A /* SystemSettingsAccessibilitySpokenContentCategoryPane.swift in Sources */,
				9D3DA5A729590A4D00361DCC /* SplitGroupUIElement.swift in Sources */,
				9D3AC8AD29AD1E2B007D3E8A /* AccessibilityZoomUIAutomationScript.swift in Sources */,
				9D8EB4E92947A27B006F2DDA /* WindowUIElement.swift in Sources */,
				9D4DF01B29B57A3C0033FD1F /* AccessibilityVoiceOverUIAutomationSetSettingProxies.swift in Sources */,
				9D3DA5A12958EE7D00361DCC /* SystemSettingsDisplaysCategoryPane.swift in Sources */,
				9D3DA5CE2959458F00361DCC /* ToolbarUIElement.swift in Sources */,
				9D516C8429B49158002DCC84 /* RadioGroupUIElement.swift in Sources */,
			);
			runOnlyForDeploymentPostprocessing = 0;
		};
/* End PBXSourcesBuildPhase section */

/* Begin XCBuildConfiguration section */
		9D8EB4DD29478976006F2DDA /* Debug */ = {
			isa = XCBuildConfiguration;
			buildSettings = {
				ALWAYS_SEARCH_USER_PATHS = NO;
				CLANG_ANALYZER_NONNULL = YES;
				CLANG_ANALYZER_NUMBER_OBJECT_CONVERSION = YES_AGGRESSIVE;
				CLANG_CXX_LANGUAGE_STANDARD = "gnu++20";
				CLANG_ENABLE_MODULES = YES;
				CLANG_ENABLE_OBJC_ARC = YES;
				CLANG_ENABLE_OBJC_WEAK = YES;
				CLANG_WARN_BLOCK_CAPTURE_AUTORELEASING = YES;
				CLANG_WARN_BOOL_CONVERSION = YES;
				CLANG_WARN_COMMA = YES;
				CLANG_WARN_CONSTANT_CONVERSION = YES;
				CLANG_WARN_DEPRECATED_OBJC_IMPLEMENTATIONS = YES;
				CLANG_WARN_DIRECT_OBJC_ISA_USAGE = YES_ERROR;
				CLANG_WARN_DOCUMENTATION_COMMENTS = YES;
				CLANG_WARN_EMPTY_BODY = YES;
				CLANG_WARN_ENUM_CONVERSION = YES;
				CLANG_WARN_INFINITE_RECURSION = YES;
				CLANG_WARN_INT_CONVERSION = YES;
				CLANG_WARN_NON_LITERAL_NULL_CONVERSION = YES;
				CLANG_WARN_OBJC_IMPLICIT_RETAIN_SELF = YES;
				CLANG_WARN_OBJC_LITERAL_CONVERSION = YES;
				CLANG_WARN_OBJC_ROOT_CLASS = YES_ERROR;
				CLANG_WARN_QUOTED_INCLUDE_IN_FRAMEWORK_HEADER = YES;
				CLANG_WARN_RANGE_LOOP_ANALYSIS = YES;
				CLANG_WARN_STRICT_PROTOTYPES = YES;
				CLANG_WARN_SUSPICIOUS_MOVE = YES;
				CLANG_WARN_UNGUARDED_AVAILABILITY = YES_AGGRESSIVE;
				CLANG_WARN_UNREACHABLE_CODE = YES;
				CLANG_WARN__DUPLICATE_METHOD_MATCH = YES;
				COPY_PHASE_STRIP = NO;
				CURRENT_PROJECT_VERSION = 1;
				DEBUG_INFORMATION_FORMAT = dwarf;
				ENABLE_STRICT_OBJC_MSGSEND = YES;
				ENABLE_TESTABILITY = YES;
				GCC_C_LANGUAGE_STANDARD = gnu11;
				GCC_DYNAMIC_NO_PIC = NO;
				GCC_NO_COMMON_BLOCKS = YES;
				GCC_OPTIMIZATION_LEVEL = 0;
				GCC_PREPROCESSOR_DEFINITIONS = (
					"DEBUG=1",
					"$(inherited)",
				);
				GCC_WARN_64_TO_32_BIT_CONVERSION = YES;
				GCC_WARN_ABOUT_RETURN_TYPE = YES_ERROR;
				GCC_WARN_UNDECLARED_SELECTOR = YES;
				GCC_WARN_UNINITIALIZED_AUTOS = YES_AGGRESSIVE;
				GCC_WARN_UNUSED_FUNCTION = YES;
				GCC_WARN_UNUSED_VARIABLE = YES;
				MACOSX_DEPLOYMENT_TARGET = 13.0;
				MTL_ENABLE_DEBUG_INFO = INCLUDE_SOURCE;
				MTL_FAST_MATH = YES;
				ONLY_ACTIVE_ARCH = YES;
				SDKROOT = macosx;
				SWIFT_ACTIVE_COMPILATION_CONDITIONS = DEBUG;
				SWIFT_OPTIMIZATION_LEVEL = "-Onone";
				VERSIONING_SYSTEM = "apple-generic";
				VERSION_INFO_PREFIX = "";
			};
			name = Debug;
		};
		9D8EB4DE29478976006F2DDA /* Release */ = {
			isa = XCBuildConfiguration;
			buildSettings = {
				ALWAYS_SEARCH_USER_PATHS = NO;
				CLANG_ANALYZER_NONNULL = YES;
				CLANG_ANALYZER_NUMBER_OBJECT_CONVERSION = YES_AGGRESSIVE;
				CLANG_CXX_LANGUAGE_STANDARD = "gnu++20";
				CLANG_ENABLE_MODULES = YES;
				CLANG_ENABLE_OBJC_ARC = YES;
				CLANG_ENABLE_OBJC_WEAK = YES;
				CLANG_WARN_BLOCK_CAPTURE_AUTORELEASING = YES;
				CLANG_WARN_BOOL_CONVERSION = YES;
				CLANG_WARN_COMMA = YES;
				CLANG_WARN_CONSTANT_CONVERSION = YES;
				CLANG_WARN_DEPRECATED_OBJC_IMPLEMENTATIONS = YES;
				CLANG_WARN_DIRECT_OBJC_ISA_USAGE = YES_ERROR;
				CLANG_WARN_DOCUMENTATION_COMMENTS = YES;
				CLANG_WARN_EMPTY_BODY = YES;
				CLANG_WARN_ENUM_CONVERSION = YES;
				CLANG_WARN_INFINITE_RECURSION = YES;
				CLANG_WARN_INT_CONVERSION = YES;
				CLANG_WARN_NON_LITERAL_NULL_CONVERSION = YES;
				CLANG_WARN_OBJC_IMPLICIT_RETAIN_SELF = YES;
				CLANG_WARN_OBJC_LITERAL_CONVERSION = YES;
				CLANG_WARN_OBJC_ROOT_CLASS = YES_ERROR;
				CLANG_WARN_QUOTED_INCLUDE_IN_FRAMEWORK_HEADER = YES;
				CLANG_WARN_RANGE_LOOP_ANALYSIS = YES;
				CLANG_WARN_STRICT_PROTOTYPES = YES;
				CLANG_WARN_SUSPICIOUS_MOVE = YES;
				CLANG_WARN_UNGUARDED_AVAILABILITY = YES_AGGRESSIVE;
				CLANG_WARN_UNREACHABLE_CODE = YES;
				CLANG_WARN__DUPLICATE_METHOD_MATCH = YES;
				COPY_PHASE_STRIP = NO;
				CURRENT_PROJECT_VERSION = 1;
				DEBUG_INFORMATION_FORMAT = "dwarf-with-dsym";
				ENABLE_NS_ASSERTIONS = NO;
				ENABLE_STRICT_OBJC_MSGSEND = YES;
				GCC_C_LANGUAGE_STANDARD = gnu11;
				GCC_NO_COMMON_BLOCKS = YES;
				GCC_WARN_64_TO_32_BIT_CONVERSION = YES;
				GCC_WARN_ABOUT_RETURN_TYPE = YES_ERROR;
				GCC_WARN_UNDECLARED_SELECTOR = YES;
				GCC_WARN_UNINITIALIZED_AUTOS = YES_AGGRESSIVE;
				GCC_WARN_UNUSED_FUNCTION = YES;
				GCC_WARN_UNUSED_VARIABLE = YES;
				MACOSX_DEPLOYMENT_TARGET = 13.0;
				MTL_ENABLE_DEBUG_INFO = NO;
				MTL_FAST_MATH = YES;
				SDKROOT = macosx;
				SWIFT_COMPILATION_MODE = wholemodule;
				SWIFT_OPTIMIZATION_LEVEL = "-O";
				VERSIONING_SYSTEM = "apple-generic";
				VERSION_INFO_PREFIX = "";
			};
			name = Release;
		};
		9D8EB4E029478976006F2DDA /* Debug */ = {
			isa = XCBuildConfiguration;
			buildSettings = {
				CLANG_ENABLE_MODULES = YES;
				CODE_SIGN_IDENTITY = "-";
				CODE_SIGN_STYLE = Manual;
				COMBINE_HIDPI_IMAGES = YES;
				CURRENT_PROJECT_VERSION = 1;
				DEFINES_MODULE = YES;
				DEVELOPMENT_TEAM = 5AAXYGZ428;
				DYLIB_COMPATIBILITY_VERSION = 1;
				DYLIB_CURRENT_VERSION = 1;
				DYLIB_INSTALL_NAME_BASE = "@rpath";
				GENERATE_INFOPLIST_FILE = YES;
				INFOPLIST_KEY_NSHumanReadableCopyright = "";
				INSTALL_PATH = "$(LOCAL_LIBRARY_DIR)/Frameworks";
				LD_RUNPATH_SEARCH_PATHS = (
					"$(inherited)",
					"@executable_path/../Frameworks",
					"@loader_path/Frameworks",
				);
				MACOSX_DEPLOYMENT_TARGET = 13.0;
				MARKETING_VERSION = 1.0;
				PRODUCT_BUNDLE_IDENTIFIER = org.raisingthefloor.MorphicUIAutomation;
				PRODUCT_NAME = "$(TARGET_NAME:c99extidentifier)";
				PROVISIONING_PROFILE_SPECIFIER = "";
				SKIP_INSTALL = YES;
				SWIFT_EMIT_LOC_STRINGS = YES;
				SWIFT_OPTIMIZATION_LEVEL = "-Onone";
				SWIFT_VERSION = 5.0;
			};
			name = Debug;
		};
		9D8EB4E129478976006F2DDA /* Release */ = {
			isa = XCBuildConfiguration;
			buildSettings = {
				CLANG_ENABLE_MODULES = YES;
				CODE_SIGN_IDENTITY = "Developer ID Application";
				CODE_SIGN_STYLE = Manual;
				COMBINE_HIDPI_IMAGES = YES;
				CURRENT_PROJECT_VERSION = 1;
				DEFINES_MODULE = YES;
				DEVELOPMENT_TEAM = 5AAXYGZ428;
				DYLIB_COMPATIBILITY_VERSION = 1;
				DYLIB_CURRENT_VERSION = 1;
				DYLIB_INSTALL_NAME_BASE = "@rpath";
				GENERATE_INFOPLIST_FILE = YES;
				INFOPLIST_KEY_NSHumanReadableCopyright = "";
				INSTALL_PATH = "$(LOCAL_LIBRARY_DIR)/Frameworks";
				LD_RUNPATH_SEARCH_PATHS = (
					"$(inherited)",
					"@executable_path/../Frameworks",
					"@loader_path/Frameworks",
				);
				MACOSX_DEPLOYMENT_TARGET = 13.0;
				MARKETING_VERSION = 1.0;
				PRODUCT_BUNDLE_IDENTIFIER = org.raisingthefloor.MorphicUIAutomation;
				PRODUCT_NAME = "$(TARGET_NAME:c99extidentifier)";
				PROVISIONING_PROFILE_SPECIFIER = "";
				SKIP_INSTALL = YES;
				SWIFT_EMIT_LOC_STRINGS = YES;
				SWIFT_VERSION = 5.0;
			};
			name = Release;
		};
/* End XCBuildConfiguration section */

/* Begin XCConfigurationList section */
		9D8EB4D229478976006F2DDA /* Build configuration list for PBXProject "MorphicUIAutomation" */ = {
			isa = XCConfigurationList;
			buildConfigurations = (
				9D8EB4DD29478976006F2DDA /* Debug */,
				9D8EB4DE29478976006F2DDA /* Release */,
			);
			defaultConfigurationIsVisible = 0;
			defaultConfigurationName = Release;
		};
		9D8EB4DF29478976006F2DDA /* Build configuration list for PBXNativeTarget "MorphicUIAutomation" */ = {
			isa = XCConfigurationList;
			buildConfigurations = (
				9D8EB4E029478976006F2DDA /* Debug */,
				9D8EB4E129478976006F2DDA /* Release */,
			);
			defaultConfigurationIsVisible = 0;
			defaultConfigurationName = Release;
		};
/* End XCConfigurationList section */
	};
	rootObject = 9D8EB4CF29478976006F2DDA /* Project object */;
}
